// !$*UTF8*$!
{
	archiveVersion = 1;
	classes = {
	};
	objectVersion = 46;
	objects = {

/* Begin PBXAggregateTarget section */
		C6DDBB5C1F51468D00A42BE2 /* IPAPatch */ = {
			isa = PBXAggregateTarget;
			buildConfigurationList = C6DDBB5D1F51468D00A42BE2 /* Build configuration list for PBXAggregateTarget "IPAPatch" */;
			buildPhases = (
				C6DDBB631F5147BA00A42BE2 /* ShellScript */,
			);
			dependencies = (
				C6DDBB611F51469300A42BE2 /* PBXTargetDependency */,
			);
			name = IPAPatch;
			productName = IPAPatch;
		};
/* End PBXAggregateTarget section */

/* Begin PBXBuildFile section */
		180571712C268052007659DB /* NSMutableArray+ZXSafetySet.h in Headers */ = {isa = PBXBuildFile; fileRef = 180571102C268052007659DB /* NSMutableArray+ZXSafetySet.h */; };
		180571722C268052007659DB /* ZXHookClassMethod.h in Headers */ = {isa = PBXBuildFile; fileRef = 180570FD2C268052007659DB /* ZXHookClassMethod.h */; };
		180571732C268052007659DB /* NSDictionary+ZXDataConvert.h in Headers */ = {isa = PBXBuildFile; fileRef = 180571272C268052007659DB /* NSDictionary+ZXDataConvert.h */; };
		180571742C268052007659DB /* ZXDataStoreCache.h in Headers */ = {isa = PBXBuildFile; fileRef = 1805713A2C268052007659DB /* ZXDataStoreCache.h */; };
		180571752C268052007659DB /* NSObject+ZXToModel.h in Headers */ = {isa = PBXBuildFile; fileRef = 1805712D2C268052007659DB /* NSObject+ZXToModel.h */; };
		180571762C268052007659DB /* ZXURLProtocol.h in Headers */ = {isa = PBXBuildFile; fileRef = 1805714D2C268052007659DB /* ZXURLProtocol.h */; };
		180571772C268052007659DB /* ZXDataHandleLog.h in Headers */ = {isa = PBXBuildFile; fileRef = 180571422C268052007659DB /* ZXDataHandleLog.h */; };
		180571782C268052007659DB /* ZXHookUIGet.h in Headers */ = {isa = PBXBuildFile; fileRef = 180571682C268052007659DB /* ZXHookUIGet.h */; };
		180571792C268052007659DB /* NSObject+ZXDataConvertRule.h in Headers */ = {isa = PBXBuildFile; fileRef = 180571122C268052007659DB /* NSObject+ZXDataConvertRule.h */; };
		1805717A2C268052007659DB /* ZXDecimalNumberTool.h in Headers */ = {isa = PBXBuildFile; fileRef = 180571202C268052007659DB /* ZXDecimalNumberTool.h */; };
		1805717B2C268052007659DB /* NSString+ZXDataConvert.h in Headers */ = {isa = PBXBuildFile; fileRef = 180571182C268052007659DB /* NSString+ZXDataConvert.h */; };
		1805717C2C268052007659DB /* UIViewController+ZXAlert.h in Headers */ = {isa = PBXBuildFile; fileRef = 1805715E2C268052007659DB /* UIViewController+ZXAlert.h */; };
		1805717D2C268052007659DB /* ZXBlockLogResult.h in Headers */ = {isa = PBXBuildFile; fileRef = 180571092C268052007659DB /* ZXBlockLogResult.h */; };
		1805717E2C268052007659DB /* ZXPoll.h in Headers */ = {isa = PBXBuildFile; fileRef = 180571442C268052007659DB /* ZXPoll.h */; };
		1805717F2C268052007659DB /* UIViewController+ZXHandleLoad.h in Headers */ = {isa = PBXBuildFile; fileRef = 180570E82C268052007659DB /* UIViewController+ZXHandleLoad.h */; };
		180571802C268052007659DB /* ZXDataHandle.h in Headers */ = {isa = PBXBuildFile; fileRef = 180571402C268052007659DB /* ZXDataHandle.h */; };
		180571812C268052007659DB /* NSURLSession+ZXHttpProxy.h in Headers */ = {isa = PBXBuildFile; fileRef = 180571472C268052007659DB /* NSURLSession+ZXHttpProxy.h */; };
		180571822C268052007659DB /* CocoaSecurity.h in Headers */ = {isa = PBXBuildFile; fileRef = 180570EE2C268052007659DB /* CocoaSecurity.h */; };
		180571832C268052007659DB /* UIButton+ZXHookAction.h in Headers */ = {isa = PBXBuildFile; fileRef = 180571632C268052007659DB /* UIButton+ZXHookAction.h */; };
		180571842C268052007659DB /* UIView+Toast.h in Headers */ = {isa = PBXBuildFile; fileRef = 1805715B2C268052007659DB /* UIView+Toast.h */; };
		180571852C268052007659DB /* ZXHookUtil.h in Headers */ = {isa = PBXBuildFile; fileRef = 1805716E2C268052007659DB /* ZXHookUtil.h */; };
		180571862C268052007659DB /* NSObject+ZXHandleLoad.h in Headers */ = {isa = PBXBuildFile; fileRef = 180570E42C268052007659DB /* NSObject+ZXHandleLoad.h */; };
		180571872C268052007659DB /* ZXClassPrint.h in Headers */ = {isa = PBXBuildFile; fileRef = 1805711C2C268052007659DB /* ZXClassPrint.h */; };
		180571882C268052007659DB /* ZXClassArchived.h in Headers */ = {isa = PBXBuildFile; fileRef = 180571382C268052007659DB /* ZXClassArchived.h */; };
		180571892C268052007659DB /* NSString+ZXRegular.h in Headers */ = {isa = PBXBuildFile; fileRef = 1805711A2C268052007659DB /* NSString+ZXRegular.h */; };
		1805718A2C268052007659DB /* NSObject+ZXGetProperty.h in Headers */ = {isa = PBXBuildFile; fileRef = 180571142C268052007659DB /* NSObject+ZXGetProperty.h */; };
		1805718B2C268052007659DB /* ZXBlockLog.h in Headers */ = {isa = PBXBuildFile; fileRef = 180571072C268052007659DB /* ZXBlockLog.h */; };
		1805718C2C268052007659DB /* ZXDataType.h in Headers */ = {isa = PBXBuildFile; fileRef = 1805711E2C268052007659DB /* ZXDataType.h */; };
		1805718D2C268052007659DB /* ZXShadowView.h in Headers */ = {isa = PBXBuildFile; fileRef = 180571562C268052007659DB /* ZXShadowView.h */; };
		1805718E2C268052007659DB /* ZXDataConvert.h in Headers */ = {isa = PBXBuildFile; fileRef = 1805712F2C268052007659DB /* ZXDataConvert.h */; };
		1805718F2C268052007659DB /* NSDictionary+ZXSafetySet.h in Headers */ = {isa = PBXBuildFile; fileRef = 1805710E2C268052007659DB /* NSDictionary+ZXSafetySet.h */; };
		180571902C268052007659DB /* NSObject+ZXHookClassUtil.h in Headers */ = {isa = PBXBuildFile; fileRef = 180570F92C268052007659DB /* NSObject+ZXHookClassUtil.h */; };
		180571912C268052007659DB /* ZXCodeFloor.h in Headers */ = {isa = PBXBuildFile; fileRef = 1805716C2C268052007659DB /* ZXCodeFloor.h */; };
		180571922C268052007659DB /* NSObject+ZXSQliteHandle.h in Headers */ = {isa = PBXBuildFile; fileRef = 180571342C268052007659DB /* NSObject+ZXSQliteHandle.h */; };
		180571932C268052007659DB /* ZXEncryption.h in Headers */ = {isa = PBXBuildFile; fileRef = 180570F12C268052007659DB /* ZXEncryption.h */; };
		180571942C268052007659DB /* NSArray+ZXDataConvert.h in Headers */ = {isa = PBXBuildFile; fileRef = 180571232C268052007659DB /* NSArray+ZXDataConvert.h */; };
		180571952C268052007659DB /* ZXMethodLog.h in Headers */ = {isa = PBXBuildFile; fileRef = 180571022C268052007659DB /* ZXMethodLog.h */; };
		180571962C268052007659DB /* NSObject+ZXSafetySet.h in Headers */ = {isa = PBXBuildFile; fileRef = 180571162C268052007659DB /* NSObject+ZXSafetySet.h */; };
		180571972C268052007659DB /* UIView+ZXFrame.h in Headers */ = {isa = PBXBuildFile; fileRef = 180571542C268052007659DB /* UIView+ZXFrame.h */; };
		180571982C268052007659DB /* ZXDataConvertConfig.h in Headers */ = {isa = PBXBuildFile; fileRef = 180571312C268052007659DB /* ZXDataConvertConfig.h */; };
		180571992C268052007659DB /* UIView+ZXHookUIGet.h in Headers */ = {isa = PBXBuildFile; fileRef = 180571662C268052007659DB /* UIView+ZXHookUIGet.h */; };
		1805719A2C268052007659DB /* NSObject+ZXToJson.h in Headers */ = {isa = PBXBuildFile; fileRef = 1805712B2C268052007659DB /* NSObject+ZXToJson.h */; };
		1805719B2C268052007659DB /* ZXHttpIPGet.h in Headers */ = {isa = PBXBuildFile; fileRef = 180571492C268052007659DB /* ZXHttpIPGet.h */; };
		1805719C2C268052007659DB /* ZXRequestBlock.h in Headers */ = {isa = PBXBuildFile; fileRef = 1805714B2C268052007659DB /* ZXRequestBlock.h */; };
		1805719D2C268052007659DB /* NSString+ZXHookRegular.h in Headers */ = {isa = PBXBuildFile; fileRef = 180570E62C268052007659DB /* NSString+ZXHookRegular.h */; };
		1805719E2C268052007659DB /* ANYMethodLog.h in Headers */ = {isa = PBXBuildFile; fileRef = 180570F72C268052007659DB /* ANYMethodLog.h */; };
		1805719F2C268052007659DB /* ZXBlockLogTool.h in Headers */ = {isa = PBXBuildFile; fileRef = 1805710B2C268052007659DB /* ZXBlockLogTool.h */; };
		180571A02C268052007659DB /* Base64.h in Headers */ = {isa = PBXBuildFile; fileRef = 180570EB2C268052007659DB /* Base64.h */; };
		180571A12C268052007659DB /* NSObject+ZXToDic.h in Headers */ = {isa = PBXBuildFile; fileRef = 180571292C268052007659DB /* NSObject+ZXToDic.h */; };
		180571A22C268052007659DB /* ZXHookClassPro.h in Headers */ = {isa = PBXBuildFile; fileRef = 180570FF2C268052007659DB /* ZXHookClassPro.h */; };
		180571A32C268052007659DB /* ZXHookClass.h in Headers */ = {isa = PBXBuildFile; fileRef = 180570FB2C268052007659DB /* ZXHookClass.h */; };
		180571A42C268052007659DB /* ZXHttpRequest.h in Headers */ = {isa = PBXBuildFile; fileRef = 180570F42C268052007659DB /* ZXHttpRequest.h */; };
		180571A52C268052007659DB /* CTBlockDescription.h in Headers */ = {isa = PBXBuildFile; fileRef = 180571052C268052007659DB /* CTBlockDescription.h */; };
		180571A62C268052007659DB /* ZXDataHandleHeaders.h in Headers */ = {isa = PBXBuildFile; fileRef = 180571412C268052007659DB /* ZXDataHandleHeaders.h */; };
		180571A72C268052007659DB /* NSData+ZXDataConvert.h in Headers */ = {isa = PBXBuildFile; fileRef = 180571252C268052007659DB /* NSData+ZXDataConvert.h */; };
		180571A82C268052007659DB /* ZXImagePicker.h in Headers */ = {isa = PBXBuildFile; fileRef = 180571512C268052007659DB /* ZXImagePicker.h */; };
		180571A92C268052007659DB /* UIButton+ZXAddAction.h in Headers */ = {isa = PBXBuildFile; fileRef = 180571612C268052007659DB /* UIButton+ZXAddAction.h */; };
		180571AA2C268052007659DB /* ZXDataStoreSQlite.h in Headers */ = {isa = PBXBuildFile; fileRef = 1805713C2C268052007659DB /* ZXDataStoreSQlite.h */; };
		180571AB2C268052007659DB /* ZXShowImgView.h in Headers */ = {isa = PBXBuildFile; fileRef = 180571582C268052007659DB /* ZXShowImgView.h */; };
		180571AC2C268052007659DB /* SqlResult.h in Headers */ = {isa = PBXBuildFile; fileRef = 180571362C268052007659DB /* SqlResult.h */; };
		180571AD2C268052007659DB /* USAGE.md in Resources */ = {isa = PBXBuildFile; fileRef = 1805713F2C268052007659DB /* USAGE.md */; };
		180571AE2C268052007659DB /* ZXHttpRequest.m in Sources */ = {isa = PBXBuildFile; fileRef = 180570F52C268052007659DB /* ZXHttpRequest.m */; };
		180571AF2C268052007659DB /* ZXHookClassPro.m in Sources */ = {isa = PBXBuildFile; fileRef = 180571002C268052007659DB /* ZXHookClassPro.m */; };
		180571B02C268052007659DB /* ZXImagePicker.m in Sources */ = {isa = PBXBuildFile; fileRef = 180571522C268052007659DB /* ZXImagePicker.m */; };
		180571B12C268052007659DB /* NSObject+ZXSafetySet.m in Sources */ = {isa = PBXBuildFile; fileRef = 180571172C268052007659DB /* NSObject+ZXSafetySet.m */; };
		180571B22C268052007659DB /* NSObject+ZXToDic.m in Sources */ = {isa = PBXBuildFile; fileRef = 1805712A2C268052007659DB /* NSObject+ZXToDic.m */; };
		180571B32C268052007659DB /* ZXBlockLogResult.m in Sources */ = {isa = PBXBuildFile; fileRef = 1805710A2C268052007659DB /* ZXBlockLogResult.m */; };
		180571B42C268052007659DB /* ZXHookUtil.m in Sources */ = {isa = PBXBuildFile; fileRef = 1805716F2C268052007659DB /* ZXHookUtil.m */; };
		180571B52C268052007659DB /* ZXShadowView.m in Sources */ = {isa = PBXBuildFile; fileRef = 180571572C268052007659DB /* ZXShadowView.m */; };
		180571B62C268052007659DB /* ZXDataType.m in Sources */ = {isa = PBXBuildFile; fileRef = 1805711F2C268052007659DB /* ZXDataType.m */; };
		180571B72C268052007659DB /* UIView+ZXFrame.m in Sources */ = {isa = PBXBuildFile; fileRef = 180571552C268052007659DB /* UIView+ZXFrame.m */; };
		180571B82C268052007659DB /* ZXHookClass.m in Sources */ = {isa = PBXBuildFile; fileRef = 180570FC2C268052007659DB /* ZXHookClass.m */; };
		180571B92C268052007659DB /* NSObject+ZXToModel.m in Sources */ = {isa = PBXBuildFile; fileRef = 1805712E2C268052007659DB /* NSObject+ZXToModel.m */; };
		180571BA2C268052007659DB /* NSMutableArray+ZXSafetySet.m in Sources */ = {isa = PBXBuildFile; fileRef = 180571112C268052007659DB /* NSMutableArray+ZXSafetySet.m */; };
		180571BB2C268052007659DB /* ZXDataStoreCache.m in Sources */ = {isa = PBXBuildFile; fileRef = 1805713B2C268052007659DB /* ZXDataStoreCache.m */; };
		180571BC2C268052007659DB /* ZXDecimalNumberTool.m in Sources */ = {isa = PBXBuildFile; fileRef = 180571212C268052007659DB /* ZXDecimalNumberTool.m */; };
		180571BD2C268052007659DB /* ZXHookUIGet.m in Sources */ = {isa = PBXBuildFile; fileRef = 180571692C268052007659DB /* ZXHookUIGet.m */; };
		180571BE2C268052007659DB /* Base64.m in Sources */ = {isa = PBXBuildFile; fileRef = 180570EC2C268052007659DB /* Base64.m */; };
		180571BF2C268052007659DB /* NSObject+ZXGetProperty.m in Sources */ = {isa = PBXBuildFile; fileRef = 180571152C268052007659DB /* NSObject+ZXGetProperty.m */; };
		180571C02C268052007659DB /* ZXShowImgView.m in Sources */ = {isa = PBXBuildFile; fileRef = 180571592C268052007659DB /* ZXShowImgView.m */; };
		180571C12C268052007659DB /* UIViewController+ZXAlert.m in Sources */ = {isa = PBXBuildFile; fileRef = 1805715F2C268052007659DB /* UIViewController+ZXAlert.m */; };
		180571C22C268052007659DB /* ZXRequestBlock.m in Sources */ = {isa = PBXBuildFile; fileRef = 1805714C2C268052007659DB /* ZXRequestBlock.m */; };
		180571C32C268052007659DB /* ZXCodeFloor.m in Sources */ = {isa = PBXBuildFile; fileRef = 1805716D2C268052007659DB /* ZXCodeFloor.m */; };
		180571C42C268052007659DB /* ZXDataStoreSQlite.m in Sources */ = {isa = PBXBuildFile; fileRef = 1805713D2C268052007659DB /* ZXDataStoreSQlite.m */; };
		180571C52C268052007659DB /* UIButton+ZXAddAction.m in Sources */ = {isa = PBXBuildFile; fileRef = 180571622C268052007659DB /* UIButton+ZXAddAction.m */; };
		180571C62C268052007659DB /* ZXDataConvertConfig.m in Sources */ = {isa = PBXBuildFile; fileRef = 180571322C268052007659DB /* ZXDataConvertConfig.m */; };
		180571C72C268052007659DB /* NSObject+ZXSQliteHandle.m in Sources */ = {isa = PBXBuildFile; fileRef = 180571352C268052007659DB /* NSObject+ZXSQliteHandle.m */; };
		180571C82C268052007659DB /* ZXHookClassMethod.m in Sources */ = {isa = PBXBuildFile; fileRef = 180570FE2C268052007659DB /* ZXHookClassMethod.m */; };
		180571C92C268052007659DB /* ZXHttpIPGet.m in Sources */ = {isa = PBXBuildFile; fileRef = 1805714A2C268052007659DB /* ZXHttpIPGet.m */; };
		180571CA2C268052007659DB /* NSDictionary+ZXSafetySet.m in Sources */ = {isa = PBXBuildFile; fileRef = 1805710F2C268052007659DB /* NSDictionary+ZXSafetySet.m */; };
		180571CB2C268052007659DB /* NSURLSession+ZXHttpProxy.m in Sources */ = {isa = PBXBuildFile; fileRef = 180571482C268052007659DB /* NSURLSession+ZXHttpProxy.m */; };
		180571CC2C268052007659DB /* UIView+ZXHookUIGet.m in Sources */ = {isa = PBXBuildFile; fileRef = 180571672C268052007659DB /* UIView+ZXHookUIGet.m */; };
		180571CD2C268052007659DB /* NSArray+ZXDataConvert.m in Sources */ = {isa = PBXBuildFile; fileRef = 180571242C268052007659DB /* NSArray+ZXDataConvert.m */; };
		180571CE2C268052007659DB /* NSString+ZXHookRegular.m in Sources */ = {isa = PBXBuildFile; fileRef = 180570E72C268052007659DB /* NSString+ZXHookRegular.m */; };
		180571CF2C268052007659DB /* ZXBlockLog.m in Sources */ = {isa = PBXBuildFile; fileRef = 180571082C268052007659DB /* ZXBlockLog.m */; };
		180571D02C268052007659DB /* UIButton+ZXHookAction.m in Sources */ = {isa = PBXBuildFile; fileRef = 180571642C268052007659DB /* UIButton+ZXHookAction.m */; };
		180571D12C268052007659DB /* NSObject+ZXHandleLoad.m in Sources */ = {isa = PBXBuildFile; fileRef = 180570E52C268052007659DB /* NSObject+ZXHandleLoad.m */; };
		180571D22C268052007659DB /* SqlResult.m in Sources */ = {isa = PBXBuildFile; fileRef = 180571372C268052007659DB /* SqlResult.m */; };
		180571D32C268052007659DB /* NSObject+ZXDataConvertRule.m in Sources */ = {isa = PBXBuildFile; fileRef = 180571132C268052007659DB /* NSObject+ZXDataConvertRule.m */; };
		180571D42C268052007659DB /* NSObject+ZXToJson.m in Sources */ = {isa = PBXBuildFile; fileRef = 1805712C2C268052007659DB /* NSObject+ZXToJson.m */; };
		180571D52C268052007659DB /* NSObject+ZXHookClassUtil.m in Sources */ = {isa = PBXBuildFile; fileRef = 180570FA2C268052007659DB /* NSObject+ZXHookClassUtil.m */; };
		180571D62C268052007659DB /* NSString+ZXRegular.m in Sources */ = {isa = PBXBuildFile; fileRef = 1805711B2C268052007659DB /* NSString+ZXRegular.m */; };
		180571D72C268052007659DB /* NSDictionary+ZXDataConvert.m in Sources */ = {isa = PBXBuildFile; fileRef = 180571282C268052007659DB /* NSDictionary+ZXDataConvert.m */; };
		180571D82C268052007659DB /* CocoaSecurity.m in Sources */ = {isa = PBXBuildFile; fileRef = 180570EF2C268052007659DB /* CocoaSecurity.m */; };
		180571D92C268052007659DB /* ANYMethodLog.m in Sources */ = {isa = PBXBuildFile; fileRef = 180570F82C268052007659DB /* ANYMethodLog.m */; };
		180571DA2C268052007659DB /* UIViewController+ZXHandleLoad.m in Sources */ = {isa = PBXBuildFile; fileRef = 180570E92C268052007659DB /* UIViewController+ZXHandleLoad.m */; };
		180571DB2C268052007659DB /* ZXClassPrint.m in Sources */ = {isa = PBXBuildFile; fileRef = 1805711D2C268052007659DB /* ZXClassPrint.m */; };
		180571DC2C268052007659DB /* NSString+ZXDataConvert.m in Sources */ = {isa = PBXBuildFile; fileRef = 180571192C268052007659DB /* NSString+ZXDataConvert.m */; };
		180571DD2C268052007659DB /* ZXDataConvert.m in Sources */ = {isa = PBXBuildFile; fileRef = 180571302C268052007659DB /* ZXDataConvert.m */; };
		180571DE2C268052007659DB /* ZXBlockLogTool.m in Sources */ = {isa = PBXBuildFile; fileRef = 1805710C2C268052007659DB /* ZXBlockLogTool.m */; };
		180571DF2C268052007659DB /* ZXMethodLog.m in Sources */ = {isa = PBXBuildFile; fileRef = 180571032C268052007659DB /* ZXMethodLog.m */; };
		180571E02C268052007659DB /* ZXClassArchived.m in Sources */ = {isa = PBXBuildFile; fileRef = 180571392C268052007659DB /* ZXClassArchived.m */; };
		180571E12C268052007659DB /* ZXURLProtocol.m in Sources */ = {isa = PBXBuildFile; fileRef = 1805714E2C268052007659DB /* ZXURLProtocol.m */; };
		180571E22C268052007659DB /* CTBlockDescription.m in Sources */ = {isa = PBXBuildFile; fileRef = 180571062C268052007659DB /* CTBlockDescription.m */; };
		180571E32C268052007659DB /* ZXEncryption.m in Sources */ = {isa = PBXBuildFile; fileRef = 180570F22C268052007659DB /* ZXEncryption.m */; };
		180571E42C268052007659DB /* UIView+Toast.m in Sources */ = {isa = PBXBuildFile; fileRef = 1805715C2C268052007659DB /* UIView+Toast.m */; };
		180571E52C268052007659DB /* ZXPoll.m in Sources */ = {isa = PBXBuildFile; fileRef = 180571452C268052007659DB /* ZXPoll.m */; };
		180571E62C268052007659DB /* NSData+ZXDataConvert.m in Sources */ = {isa = PBXBuildFile; fileRef = 180571262C268052007659DB /* NSData+ZXDataConvert.m */; };
		187318AA295AC46D002A8EF2 /* UUCaptainHook.h in Headers */ = {isa = PBXBuildFile; fileRef = 187318A6295AC46D002A8EF2 /* UUCaptainHook.h */; };
		187318AB295AC46D002A8EF2 /* JRSwizzle.h in Headers */ = {isa = PBXBuildFile; fileRef = 187318A8295AC46D002A8EF2 /* JRSwizzle.h */; };
		187318AC295AC46D002A8EF2 /* JRSwizzle.m in Sources */ = {isa = PBXBuildFile; fileRef = 187318A9295AC46D002A8EF2 /* JRSwizzle.m */; };
		187318B8295ACD11002A8EF2 /* BundleReplace.m in Sources */ = {isa = PBXBuildFile; fileRef = 187318B2295AC649002A8EF2 /* BundleReplace.m */; };
		188AA239295BF0E7008048D8 /* UIViewController+Screen.h in Headers */ = {isa = PBXBuildFile; fileRef = 188AA237295BF0E7008048D8 /* UIViewController+Screen.h */; };
		188AA23A295BF0E7008048D8 /* UIViewController+Screen.m in Sources */ = {isa = PBXBuildFile; fileRef = 188AA238295BF0E7008048D8 /* UIViewController+Screen.m */; };
		8444640B26E5EACB00E6E659 /* HookURLProtocol.h in Headers */ = {isa = PBXBuildFile; fileRef = 8444640926E5EACB00E6E659 /* HookURLProtocol.h */; };
		8444640C26E5EACB00E6E659 /* HookURLProtocol.m in Sources */ = {isa = PBXBuildFile; fileRef = 8444640A26E5EACB00E6E659 /* HookURLProtocol.m */; };
		84788D1126CB96120040100B /* PermissionCheck.h in Headers */ = {isa = PBXBuildFile; fileRef = 84788D0F26CB96120040100B /* PermissionCheck.h */; };
		84788D1226CB96120040100B /* PermissionCheck.m in Sources */ = {isa = PBXBuildFile; fileRef = 84788D1026CB96120040100B /* PermissionCheck.m */; };
		B67811E826394F5800499C19 /* PatchSVC.h in Headers */ = {isa = PBXBuildFile; fileRef = B67811E526394E5B00499C19 /* PatchSVC.h */; };
		B67811E926394F5A00499C19 /* PatchSVC.c in Sources */ = {isa = PBXBuildFile; fileRef = B67811E626394E5B00499C19 /* PatchSVC.c */; };
		BE47177924E393E000A77647 /* HookTools.h in Headers */ = {isa = PBXBuildFile; fileRef = BE47177724E393E000A77647 /* HookTools.h */; };
		BE47177A24E393E000A77647 /* HookTools.m in Sources */ = {isa = PBXBuildFile; fileRef = BE47177824E393E000A77647 /* HookTools.m */; };
		C63AC1A51E838BB70094B1C5 /* fishhook.c in Sources */ = {isa = PBXBuildFile; fileRef = C63AC1A21E838BB70094B1C5 /* fishhook.c */; };
		C63AC1A61E838BB70094B1C5 /* fishhook.h in Headers */ = {isa = PBXBuildFile; fileRef = C63AC1A31E838BB70094B1C5 /* fishhook.h */; };
		C63AC1AA1E8392210094B1C5 /* IPAPatchBypassAntiDebugging.h in Headers */ = {isa = PBXBuildFile; fileRef = C63AC1A81E8392210094B1C5 /* IPAPatchBypassAntiDebugging.h */; };
		C63AC1AB1E8392210094B1C5 /* IPAPatchBypassAntiDebugging.m in Sources */ = {isa = PBXBuildFile; fileRef = C63AC1A91E8392210094B1C5 /* IPAPatchBypassAntiDebugging.m */; };
		C64288391E7BF9E900C0BBB0 /* ProjectConfigurationWarning.cpp in Sources */ = {isa = PBXBuildFile; fileRef = C64288371E7BF9E900C0BBB0 /* ProjectConfigurationWarning.cpp */; };
		C6A353E21F51367500A9E30D /* options.plist in Resources */ = {isa = PBXBuildFile; fileRef = C6A353E11F51367500A9E30D /* options.plist */; };
		C6B263271E7BC9DF009B4DEA /* IPAPatchEntry.h in Headers */ = {isa = PBXBuildFile; fileRef = C6B263251E7BC9DF009B4DEA /* IPAPatchEntry.h */; };
		C6B263281E7BC9DF009B4DEA /* IPAPatchEntry.m in Sources */ = {isa = PBXBuildFile; fileRef = C6B263261E7BC9DF009B4DEA /* IPAPatchEntry.m */; };
		C6B2634D1E7BCB31009B4DEA /* main.m in Sources */ = {isa = PBXBuildFile; fileRef = C6B2634C1E7BCB31009B4DEA /* main.m */; };
		C6B263501E7BCB31009B4DEA /* AppDelegate.m in Sources */ = {isa = PBXBuildFile; fileRef = C6B2634F1E7BCB31009B4DEA /* AppDelegate.m */; };
		E8243A0D23ACBF5B0077E34F /* CustomURLProtocol.h in Headers */ = {isa = PBXBuildFile; fileRef = E8243A0B23ACBF5B0077E34F /* CustomURLProtocol.h */; };
		E8243A0F23ACBF5B0077E34F /* CustomURLProtocol.m in Sources */ = {isa = PBXBuildFile; fileRef = E8243A0C23ACBF5B0077E34F /* CustomURLProtocol.m */; };
/* End PBXBuildFile section */

/* Begin PBXContainerItemProxy section */
		C6B263601E7BCC65009B4DEA /* PBXContainerItemProxy */ = {
			isa = PBXContainerItemProxy;
			containerPortal = C6B262FE1E7BC97B009B4DEA /* Project object */;
			proxyType = 1;
			remoteGlobalIDString = C6B263061E7BC97B009B4DEA;
			remoteInfo = IPAPatch;
		};
		C6DDBB601F51469300A42BE2 /* PBXContainerItemProxy */ = {
			isa = PBXContainerItemProxy;
			containerPortal = C6B262FE1E7BC97B009B4DEA /* Project object */;
			proxyType = 1;
			remoteGlobalIDString = C6B263481E7BCB31009B4DEA;
			remoteInfo = "IPAPatch-DummyApp";
		};
/* End PBXContainerItemProxy section */

/* Begin PBXFileReference section */
		180570E42C268052007659DB /* NSObject+ZXHandleLoad.h */ = {isa = PBXFileReference; lastKnownFileType = sourcecode.c.h; path = "NSObject+ZXHandleLoad.h"; sourceTree = "<group>"; };
		180570E52C268052007659DB /* NSObject+ZXHandleLoad.m */ = {isa = PBXFileReference; lastKnownFileType = sourcecode.c.objc; path = "NSObject+ZXHandleLoad.m"; sourceTree = "<group>"; };
		180570E62C268052007659DB /* NSString+ZXHookRegular.h */ = {isa = PBXFileReference; lastKnownFileType = sourcecode.c.h; path = "NSString+ZXHookRegular.h"; sourceTree = "<group>"; };
		180570E72C268052007659DB /* NSString+ZXHookRegular.m */ = {isa = PBXFileReference; lastKnownFileType = sourcecode.c.objc; path = "NSString+ZXHookRegular.m"; sourceTree = "<group>"; };
		180570E82C268052007659DB /* UIViewController+ZXHandleLoad.h */ = {isa = PBXFileReference; lastKnownFileType = sourcecode.c.h; path = "UIViewController+ZXHandleLoad.h"; sourceTree = "<group>"; };
		180570E92C268052007659DB /* UIViewController+ZXHandleLoad.m */ = {isa = PBXFileReference; lastKnownFileType = sourcecode.c.objc; path = "UIViewController+ZXHandleLoad.m"; sourceTree = "<group>"; };
		180570EB2C268052007659DB /* Base64.h */ = {isa = PBXFileReference; lastKnownFileType = sourcecode.c.h; path = Base64.h; sourceTree = "<group>"; };
		180570EC2C268052007659DB /* Base64.m */ = {isa = PBXFileReference; lastKnownFileType = sourcecode.c.objc; path = Base64.m; sourceTree = "<group>"; };
		180570EE2C268052007659DB /* CocoaSecurity.h */ = {isa = PBXFileReference; lastKnownFileType = sourcecode.c.h; path = CocoaSecurity.h; sourceTree = "<group>"; };
		180570EF2C268052007659DB /* CocoaSecurity.m */ = {isa = PBXFileReference; lastKnownFileType = sourcecode.c.objc; path = CocoaSecurity.m; sourceTree = "<group>"; };
		180570F12C268052007659DB /* ZXEncryption.h */ = {isa = PBXFileReference; lastKnownFileType = sourcecode.c.h; path = ZXEncryption.h; sourceTree = "<group>"; };
		180570F22C268052007659DB /* ZXEncryption.m */ = {isa = PBXFileReference; lastKnownFileType = sourcecode.c.objc; path = ZXEncryption.m; sourceTree = "<group>"; };
		180570F42C268052007659DB /* ZXHttpRequest.h */ = {isa = PBXFileReference; lastKnownFileType = sourcecode.c.h; path = ZXHttpRequest.h; sourceTree = "<group>"; };
		180570F52C268052007659DB /* ZXHttpRequest.m */ = {isa = PBXFileReference; lastKnownFileType = sourcecode.c.objc; path = ZXHttpRequest.m; sourceTree = "<group>"; };
		180570F72C268052007659DB /* ANYMethodLog.h */ = {isa = PBXFileReference; lastKnownFileType = sourcecode.c.h; path = ANYMethodLog.h; sourceTree = "<group>"; };
		180570F82C268052007659DB /* ANYMethodLog.m */ = {isa = PBXFileReference; lastKnownFileType = sourcecode.c.objc; path = ANYMethodLog.m; sourceTree = "<group>"; };
		180570F92C268052007659DB /* NSObject+ZXHookClassUtil.h */ = {isa = PBXFileReference; lastKnownFileType = sourcecode.c.h; path = "NSObject+ZXHookClassUtil.h"; sourceTree = "<group>"; };
		180570FA2C268052007659DB /* NSObject+ZXHookClassUtil.m */ = {isa = PBXFileReference; lastKnownFileType = sourcecode.c.objc; path = "NSObject+ZXHookClassUtil.m"; sourceTree = "<group>"; };
		180570FB2C268052007659DB /* ZXHookClass.h */ = {isa = PBXFileReference; lastKnownFileType = sourcecode.c.h; path = ZXHookClass.h; sourceTree = "<group>"; };
		180570FC2C268052007659DB /* ZXHookClass.m */ = {isa = PBXFileReference; lastKnownFileType = sourcecode.c.objc; path = ZXHookClass.m; sourceTree = "<group>"; };
		180570FD2C268052007659DB /* ZXHookClassMethod.h */ = {isa = PBXFileReference; lastKnownFileType = sourcecode.c.h; path = ZXHookClassMethod.h; sourceTree = "<group>"; };
		180570FE2C268052007659DB /* ZXHookClassMethod.m */ = {isa = PBXFileReference; lastKnownFileType = sourcecode.c.objc; path = ZXHookClassMethod.m; sourceTree = "<group>"; };
		180570FF2C268052007659DB /* ZXHookClassPro.h */ = {isa = PBXFileReference; lastKnownFileType = sourcecode.c.h; path = ZXHookClassPro.h; sourceTree = "<group>"; };
		180571002C268052007659DB /* ZXHookClassPro.m */ = {isa = PBXFileReference; lastKnownFileType = sourcecode.c.objc; path = ZXHookClassPro.m; sourceTree = "<group>"; };
		180571022C268052007659DB /* ZXMethodLog.h */ = {isa = PBXFileReference; lastKnownFileType = sourcecode.c.h; path = ZXMethodLog.h; sourceTree = "<group>"; };
		180571032C268052007659DB /* ZXMethodLog.m */ = {isa = PBXFileReference; lastKnownFileType = sourcecode.c.objc; path = ZXMethodLog.m; sourceTree = "<group>"; };
		180571052C268052007659DB /* CTBlockDescription.h */ = {isa = PBXFileReference; lastKnownFileType = sourcecode.c.h; path = CTBlockDescription.h; sourceTree = "<group>"; };
		180571062C268052007659DB /* CTBlockDescription.m */ = {isa = PBXFileReference; lastKnownFileType = sourcecode.c.objc; path = CTBlockDescription.m; sourceTree = "<group>"; };
		180571072C268052007659DB /* ZXBlockLog.h */ = {isa = PBXFileReference; lastKnownFileType = sourcecode.c.h; path = ZXBlockLog.h; sourceTree = "<group>"; };
		180571082C268052007659DB /* ZXBlockLog.m */ = {isa = PBXFileReference; lastKnownFileType = sourcecode.c.objc; path = ZXBlockLog.m; sourceTree = "<group>"; };
		180571092C268052007659DB /* ZXBlockLogResult.h */ = {isa = PBXFileReference; lastKnownFileType = sourcecode.c.h; path = ZXBlockLogResult.h; sourceTree = "<group>"; };
		1805710A2C268052007659DB /* ZXBlockLogResult.m */ = {isa = PBXFileReference; lastKnownFileType = sourcecode.c.objc; path = ZXBlockLogResult.m; sourceTree = "<group>"; };
		1805710B2C268052007659DB /* ZXBlockLogTool.h */ = {isa = PBXFileReference; lastKnownFileType = sourcecode.c.h; path = ZXBlockLogTool.h; sourceTree = "<group>"; };
		1805710C2C268052007659DB /* ZXBlockLogTool.m */ = {isa = PBXFileReference; lastKnownFileType = sourcecode.c.objc; path = ZXBlockLogTool.m; sourceTree = "<group>"; };
		1805710E2C268052007659DB /* NSDictionary+ZXSafetySet.h */ = {isa = PBXFileReference; lastKnownFileType = sourcecode.c.h; path = "NSDictionary+ZXSafetySet.h"; sourceTree = "<group>"; };
		1805710F2C268052007659DB /* NSDictionary+ZXSafetySet.m */ = {isa = PBXFileReference; lastKnownFileType = sourcecode.c.objc; path = "NSDictionary+ZXSafetySet.m"; sourceTree = "<group>"; };
		180571102C268052007659DB /* NSMutableArray+ZXSafetySet.h */ = {isa = PBXFileReference; lastKnownFileType = sourcecode.c.h; path = "NSMutableArray+ZXSafetySet.h"; sourceTree = "<group>"; };
		180571112C268052007659DB /* NSMutableArray+ZXSafetySet.m */ = {isa = PBXFileReference; lastKnownFileType = sourcecode.c.objc; path = "NSMutableArray+ZXSafetySet.m"; sourceTree = "<group>"; };
		180571122C268052007659DB /* NSObject+ZXDataConvertRule.h */ = {isa = PBXFileReference; lastKnownFileType = sourcecode.c.h; path = "NSObject+ZXDataConvertRule.h"; sourceTree = "<group>"; };
		180571132C268052007659DB /* NSObject+ZXDataConvertRule.m */ = {isa = PBXFileReference; lastKnownFileType = sourcecode.c.objc; path = "NSObject+ZXDataConvertRule.m"; sourceTree = "<group>"; };
		180571142C268052007659DB /* NSObject+ZXGetProperty.h */ = {isa = PBXFileReference; lastKnownFileType = sourcecode.c.h; path = "NSObject+ZXGetProperty.h"; sourceTree = "<group>"; };
		180571152C268052007659DB /* NSObject+ZXGetProperty.m */ = {isa = PBXFileReference; lastKnownFileType = sourcecode.c.objc; path = "NSObject+ZXGetProperty.m"; sourceTree = "<group>"; };
		180571162C268052007659DB /* NSObject+ZXSafetySet.h */ = {isa = PBXFileReference; lastKnownFileType = sourcecode.c.h; path = "NSObject+ZXSafetySet.h"; sourceTree = "<group>"; };
		180571172C268052007659DB /* NSObject+ZXSafetySet.m */ = {isa = PBXFileReference; lastKnownFileType = sourcecode.c.objc; path = "NSObject+ZXSafetySet.m"; sourceTree = "<group>"; };
		180571182C268052007659DB /* NSString+ZXDataConvert.h */ = {isa = PBXFileReference; lastKnownFileType = sourcecode.c.h; path = "NSString+ZXDataConvert.h"; sourceTree = "<group>"; };
		180571192C268052007659DB /* NSString+ZXDataConvert.m */ = {isa = PBXFileReference; lastKnownFileType = sourcecode.c.objc; path = "NSString+ZXDataConvert.m"; sourceTree = "<group>"; };
		1805711A2C268052007659DB /* NSString+ZXRegular.h */ = {isa = PBXFileReference; lastKnownFileType = sourcecode.c.h; path = "NSString+ZXRegular.h"; sourceTree = "<group>"; };
		1805711B2C268052007659DB /* NSString+ZXRegular.m */ = {isa = PBXFileReference; lastKnownFileType = sourcecode.c.objc; path = "NSString+ZXRegular.m"; sourceTree = "<group>"; };
		1805711C2C268052007659DB /* ZXClassPrint.h */ = {isa = PBXFileReference; lastKnownFileType = sourcecode.c.h; path = ZXClassPrint.h; sourceTree = "<group>"; };
		1805711D2C268052007659DB /* ZXClassPrint.m */ = {isa = PBXFileReference; lastKnownFileType = sourcecode.c.objc; path = ZXClassPrint.m; sourceTree = "<group>"; };
		1805711E2C268052007659DB /* ZXDataType.h */ = {isa = PBXFileReference; lastKnownFileType = sourcecode.c.h; path = ZXDataType.h; sourceTree = "<group>"; };
		1805711F2C268052007659DB /* ZXDataType.m */ = {isa = PBXFileReference; lastKnownFileType = sourcecode.c.objc; path = ZXDataType.m; sourceTree = "<group>"; };
		180571202C268052007659DB /* ZXDecimalNumberTool.h */ = {isa = PBXFileReference; lastKnownFileType = sourcecode.c.h; path = ZXDecimalNumberTool.h; sourceTree = "<group>"; };
		180571212C268052007659DB /* ZXDecimalNumberTool.m */ = {isa = PBXFileReference; lastKnownFileType = sourcecode.c.objc; path = ZXDecimalNumberTool.m; sourceTree = "<group>"; };
		180571232C268052007659DB /* NSArray+ZXDataConvert.h */ = {isa = PBXFileReference; lastKnownFileType = sourcecode.c.h; path = "NSArray+ZXDataConvert.h"; sourceTree = "<group>"; };
		180571242C268052007659DB /* NSArray+ZXDataConvert.m */ = {isa = PBXFileReference; lastKnownFileType = sourcecode.c.objc; path = "NSArray+ZXDataConvert.m"; sourceTree = "<group>"; };
		180571252C268052007659DB /* NSData+ZXDataConvert.h */ = {isa = PBXFileReference; lastKnownFileType = sourcecode.c.h; path = "NSData+ZXDataConvert.h"; sourceTree = "<group>"; };
		180571262C268052007659DB /* NSData+ZXDataConvert.m */ = {isa = PBXFileReference; lastKnownFileType = sourcecode.c.objc; path = "NSData+ZXDataConvert.m"; sourceTree = "<group>"; };
		180571272C268052007659DB /* NSDictionary+ZXDataConvert.h */ = {isa = PBXFileReference; lastKnownFileType = sourcecode.c.h; path = "NSDictionary+ZXDataConvert.h"; sourceTree = "<group>"; };
		180571282C268052007659DB /* NSDictionary+ZXDataConvert.m */ = {isa = PBXFileReference; lastKnownFileType = sourcecode.c.objc; path = "NSDictionary+ZXDataConvert.m"; sourceTree = "<group>"; };
		180571292C268052007659DB /* NSObject+ZXToDic.h */ = {isa = PBXFileReference; lastKnownFileType = sourcecode.c.h; path = "NSObject+ZXToDic.h"; sourceTree = "<group>"; };
		1805712A2C268052007659DB /* NSObject+ZXToDic.m */ = {isa = PBXFileReference; lastKnownFileType = sourcecode.c.objc; path = "NSObject+ZXToDic.m"; sourceTree = "<group>"; };
		1805712B2C268052007659DB /* NSObject+ZXToJson.h */ = {isa = PBXFileReference; lastKnownFileType = sourcecode.c.h; path = "NSObject+ZXToJson.h"; sourceTree = "<group>"; };
		1805712C2C268052007659DB /* NSObject+ZXToJson.m */ = {isa = PBXFileReference; lastKnownFileType = sourcecode.c.objc; path = "NSObject+ZXToJson.m"; sourceTree = "<group>"; };
		1805712D2C268052007659DB /* NSObject+ZXToModel.h */ = {isa = PBXFileReference; lastKnownFileType = sourcecode.c.h; path = "NSObject+ZXToModel.h"; sourceTree = "<group>"; };
		1805712E2C268052007659DB /* NSObject+ZXToModel.m */ = {isa = PBXFileReference; lastKnownFileType = sourcecode.c.objc; path = "NSObject+ZXToModel.m"; sourceTree = "<group>"; };
		1805712F2C268052007659DB /* ZXDataConvert.h */ = {isa = PBXFileReference; lastKnownFileType = sourcecode.c.h; path = ZXDataConvert.h; sourceTree = "<group>"; };
		180571302C268052007659DB /* ZXDataConvert.m */ = {isa = PBXFileReference; lastKnownFileType = sourcecode.c.objc; path = ZXDataConvert.m; sourceTree = "<group>"; };
		180571312C268052007659DB /* ZXDataConvertConfig.h */ = {isa = PBXFileReference; lastKnownFileType = sourcecode.c.h; path = ZXDataConvertConfig.h; sourceTree = "<group>"; };
		180571322C268052007659DB /* ZXDataConvertConfig.m */ = {isa = PBXFileReference; lastKnownFileType = sourcecode.c.objc; path = ZXDataConvertConfig.m; sourceTree = "<group>"; };
		180571342C268052007659DB /* NSObject+ZXSQliteHandle.h */ = {isa = PBXFileReference; lastKnownFileType = sourcecode.c.h; path = "NSObject+ZXSQliteHandle.h"; sourceTree = "<group>"; };
		180571352C268052007659DB /* NSObject+ZXSQliteHandle.m */ = {isa = PBXFileReference; lastKnownFileType = sourcecode.c.objc; path = "NSObject+ZXSQliteHandle.m"; sourceTree = "<group>"; };
		180571362C268052007659DB /* SqlResult.h */ = {isa = PBXFileReference; lastKnownFileType = sourcecode.c.h; path = SqlResult.h; sourceTree = "<group>"; };
		180571372C268052007659DB /* SqlResult.m */ = {isa = PBXFileReference; lastKnownFileType = sourcecode.c.objc; path = SqlResult.m; sourceTree = "<group>"; };
		180571382C268052007659DB /* ZXClassArchived.h */ = {isa = PBXFileReference; lastKnownFileType = sourcecode.c.h; path = ZXClassArchived.h; sourceTree = "<group>"; };
		180571392C268052007659DB /* ZXClassArchived.m */ = {isa = PBXFileReference; lastKnownFileType = sourcecode.c.objc; path = ZXClassArchived.m; sourceTree = "<group>"; };
		1805713A2C268052007659DB /* ZXDataStoreCache.h */ = {isa = PBXFileReference; lastKnownFileType = sourcecode.c.h; path = ZXDataStoreCache.h; sourceTree = "<group>"; };
		1805713B2C268052007659DB /* ZXDataStoreCache.m */ = {isa = PBXFileReference; lastKnownFileType = sourcecode.c.objc; path = ZXDataStoreCache.m; sourceTree = "<group>"; };
		1805713C2C268052007659DB /* ZXDataStoreSQlite.h */ = {isa = PBXFileReference; lastKnownFileType = sourcecode.c.h; path = ZXDataStoreSQlite.h; sourceTree = "<group>"; };
		1805713D2C268052007659DB /* ZXDataStoreSQlite.m */ = {isa = PBXFileReference; lastKnownFileType = sourcecode.c.objc; path = ZXDataStoreSQlite.m; sourceTree = "<group>"; };
		1805713F2C268052007659DB /* USAGE.md */ = {isa = PBXFileReference; lastKnownFileType = net.daringfireball.markdown; path = USAGE.md; sourceTree = "<group>"; };
		180571402C268052007659DB /* ZXDataHandle.h */ = {isa = PBXFileReference; lastKnownFileType = sourcecode.c.h; path = ZXDataHandle.h; sourceTree = "<group>"; };
		180571412C268052007659DB /* ZXDataHandleHeaders.h */ = {isa = PBXFileReference; lastKnownFileType = sourcecode.c.h; path = ZXDataHandleHeaders.h; sourceTree = "<group>"; };
		180571422C268052007659DB /* ZXDataHandleLog.h */ = {isa = PBXFileReference; lastKnownFileType = sourcecode.c.h; path = ZXDataHandleLog.h; sourceTree = "<group>"; };
		180571442C268052007659DB /* ZXPoll.h */ = {isa = PBXFileReference; lastKnownFileType = sourcecode.c.h; path = ZXPoll.h; sourceTree = "<group>"; };
		180571452C268052007659DB /* ZXPoll.m */ = {isa = PBXFileReference; lastKnownFileType = sourcecode.c.objc; path = ZXPoll.m; sourceTree = "<group>"; };
		180571472C268052007659DB /* NSURLSession+ZXHttpProxy.h */ = {isa = PBXFileReference; lastKnownFileType = sourcecode.c.h; path = "NSURLSession+ZXHttpProxy.h"; sourceTree = "<group>"; };
		180571482C268052007659DB /* NSURLSession+ZXHttpProxy.m */ = {isa = PBXFileReference; lastKnownFileType = sourcecode.c.objc; path = "NSURLSession+ZXHttpProxy.m"; sourceTree = "<group>"; };
		180571492C268052007659DB /* ZXHttpIPGet.h */ = {isa = PBXFileReference; lastKnownFileType = sourcecode.c.h; path = ZXHttpIPGet.h; sourceTree = "<group>"; };
		1805714A2C268052007659DB /* ZXHttpIPGet.m */ = {isa = PBXFileReference; lastKnownFileType = sourcecode.c.objc; path = ZXHttpIPGet.m; sourceTree = "<group>"; };
		1805714B2C268052007659DB /* ZXRequestBlock.h */ = {isa = PBXFileReference; lastKnownFileType = sourcecode.c.h; path = ZXRequestBlock.h; sourceTree = "<group>"; };
		1805714C2C268052007659DB /* ZXRequestBlock.m */ = {isa = PBXFileReference; lastKnownFileType = sourcecode.c.objc; path = ZXRequestBlock.m; sourceTree = "<group>"; };
		1805714D2C268052007659DB /* ZXURLProtocol.h */ = {isa = PBXFileReference; lastKnownFileType = sourcecode.c.h; path = ZXURLProtocol.h; sourceTree = "<group>"; };
		1805714E2C268052007659DB /* ZXURLProtocol.m */ = {isa = PBXFileReference; lastKnownFileType = sourcecode.c.objc; path = ZXURLProtocol.m; sourceTree = "<group>"; };
		180571512C268052007659DB /* ZXImagePicker.h */ = {isa = PBXFileReference; lastKnownFileType = sourcecode.c.h; path = ZXImagePicker.h; sourceTree = "<group>"; };
		180571522C268052007659DB /* ZXImagePicker.m */ = {isa = PBXFileReference; lastKnownFileType = sourcecode.c.objc; path = ZXImagePicker.m; sourceTree = "<group>"; };
		180571542C268052007659DB /* UIView+ZXFrame.h */ = {isa = PBXFileReference; lastKnownFileType = sourcecode.c.h; path = "UIView+ZXFrame.h"; sourceTree = "<group>"; };
		180571552C268052007659DB /* UIView+ZXFrame.m */ = {isa = PBXFileReference; lastKnownFileType = sourcecode.c.objc; path = "UIView+ZXFrame.m"; sourceTree = "<group>"; };
		180571562C268052007659DB /* ZXShadowView.h */ = {isa = PBXFileReference; lastKnownFileType = sourcecode.c.h; path = ZXShadowView.h; sourceTree = "<group>"; };
		180571572C268052007659DB /* ZXShadowView.m */ = {isa = PBXFileReference; lastKnownFileType = sourcecode.c.objc; path = ZXShadowView.m; sourceTree = "<group>"; };
		180571582C268052007659DB /* ZXShowImgView.h */ = {isa = PBXFileReference; lastKnownFileType = sourcecode.c.h; path = ZXShowImgView.h; sourceTree = "<group>"; };
		180571592C268052007659DB /* ZXShowImgView.m */ = {isa = PBXFileReference; lastKnownFileType = sourcecode.c.objc; path = ZXShowImgView.m; sourceTree = "<group>"; };
		1805715B2C268052007659DB /* UIView+Toast.h */ = {isa = PBXFileReference; lastKnownFileType = sourcecode.c.h; path = "UIView+Toast.h"; sourceTree = "<group>"; };
		1805715C2C268052007659DB /* UIView+Toast.m */ = {isa = PBXFileReference; lastKnownFileType = sourcecode.c.objc; path = "UIView+Toast.m"; sourceTree = "<group>"; };
		1805715E2C268052007659DB /* UIViewController+ZXAlert.h */ = {isa = PBXFileReference; lastKnownFileType = sourcecode.c.h; path = "UIViewController+ZXAlert.h"; sourceTree = "<group>"; };
		1805715F2C268052007659DB /* UIViewController+ZXAlert.m */ = {isa = PBXFileReference; lastKnownFileType = sourcecode.c.objc; path = "UIViewController+ZXAlert.m"; sourceTree = "<group>"; };
		180571612C268052007659DB /* UIButton+ZXAddAction.h */ = {isa = PBXFileReference; lastKnownFileType = sourcecode.c.h; path = "UIButton+ZXAddAction.h"; sourceTree = "<group>"; };
		180571622C268052007659DB /* UIButton+ZXAddAction.m */ = {isa = PBXFileReference; lastKnownFileType = sourcecode.c.objc; path = "UIButton+ZXAddAction.m"; sourceTree = "<group>"; };
		180571632C268052007659DB /* UIButton+ZXHookAction.h */ = {isa = PBXFileReference; lastKnownFileType = sourcecode.c.h; path = "UIButton+ZXHookAction.h"; sourceTree = "<group>"; };
		180571642C268052007659DB /* UIButton+ZXHookAction.m */ = {isa = PBXFileReference; lastKnownFileType = sourcecode.c.objc; path = "UIButton+ZXHookAction.m"; sourceTree = "<group>"; };
		180571662C268052007659DB /* UIView+ZXHookUIGet.h */ = {isa = PBXFileReference; lastKnownFileType = sourcecode.c.h; path = "UIView+ZXHookUIGet.h"; sourceTree = "<group>"; };
		180571672C268052007659DB /* UIView+ZXHookUIGet.m */ = {isa = PBXFileReference; lastKnownFileType = sourcecode.c.objc; path = "UIView+ZXHookUIGet.m"; sourceTree = "<group>"; };
		180571682C268052007659DB /* ZXHookUIGet.h */ = {isa = PBXFileReference; lastKnownFileType = sourcecode.c.h; path = ZXHookUIGet.h; sourceTree = "<group>"; };
		180571692C268052007659DB /* ZXHookUIGet.m */ = {isa = PBXFileReference; lastKnownFileType = sourcecode.c.objc; path = ZXHookUIGet.m; sourceTree = "<group>"; };
		1805716C2C268052007659DB /* ZXCodeFloor.h */ = {isa = PBXFileReference; lastKnownFileType = sourcecode.c.h; path = ZXCodeFloor.h; sourceTree = "<group>"; };
		1805716D2C268052007659DB /* ZXCodeFloor.m */ = {isa = PBXFileReference; lastKnownFileType = sourcecode.c.objc; path = ZXCodeFloor.m; sourceTree = "<group>"; };
		1805716E2C268052007659DB /* ZXHookUtil.h */ = {isa = PBXFileReference; lastKnownFileType = sourcecode.c.h; path = ZXHookUtil.h; sourceTree = "<group>"; };
		1805716F2C268052007659DB /* ZXHookUtil.m */ = {isa = PBXFileReference; lastKnownFileType = sourcecode.c.objc; path = ZXHookUtil.m; sourceTree = "<group>"; };
		187318A6295AC46D002A8EF2 /* UUCaptainHook.h */ = {isa = PBXFileReference; fileEncoding = 4; lastKnownFileType = sourcecode.c.h; path = UUCaptainHook.h; sourceTree = "<group>"; };
		187318A8295AC46D002A8EF2 /* JRSwizzle.h */ = {isa = PBXFileReference; fileEncoding = 4; lastKnownFileType = sourcecode.c.h; path = JRSwizzle.h; sourceTree = "<group>"; };
		187318A9295AC46D002A8EF2 /* JRSwizzle.m */ = {isa = PBXFileReference; fileEncoding = 4; lastKnownFileType = sourcecode.c.objc; path = JRSwizzle.m; sourceTree = "<group>"; };
		187318B1295AC649002A8EF2 /* BundleReplace.h */ = {isa = PBXFileReference; lastKnownFileType = sourcecode.c.h; path = BundleReplace.h; sourceTree = "<group>"; };
		187318B2295AC649002A8EF2 /* BundleReplace.m */ = {isa = PBXFileReference; lastKnownFileType = sourcecode.c.objc; path = BundleReplace.m; sourceTree = "<group>"; };
		188AA237295BF0E7008048D8 /* UIViewController+Screen.h */ = {isa = PBXFileReference; fileEncoding = 4; lastKnownFileType = sourcecode.c.h; path = "UIViewController+Screen.h"; sourceTree = "<group>"; };
		188AA238295BF0E7008048D8 /* UIViewController+Screen.m */ = {isa = PBXFileReference; fileEncoding = 4; lastKnownFileType = sourcecode.c.objc; path = "UIViewController+Screen.m"; sourceTree = "<group>"; };
		8444640926E5EACB00E6E659 /* HookURLProtocol.h */ = {isa = PBXFileReference; lastKnownFileType = sourcecode.c.h; path = HookURLProtocol.h; sourceTree = "<group>"; };
		8444640A26E5EACB00E6E659 /* HookURLProtocol.m */ = {isa = PBXFileReference; lastKnownFileType = sourcecode.c.objc; path = HookURLProtocol.m; sourceTree = "<group>"; };
		84788D0F26CB96120040100B /* PermissionCheck.h */ = {isa = PBXFileReference; lastKnownFileType = sourcecode.c.h; path = PermissionCheck.h; sourceTree = "<group>"; };
		84788D1026CB96120040100B /* PermissionCheck.m */ = {isa = PBXFileReference; lastKnownFileType = sourcecode.c.objc; path = PermissionCheck.m; sourceTree = "<group>"; };
		B67811E526394E5B00499C19 /* PatchSVC.h */ = {isa = PBXFileReference; lastKnownFileType = sourcecode.c.h; path = PatchSVC.h; sourceTree = "<group>"; };
		B67811E626394E5B00499C19 /* PatchSVC.c */ = {isa = PBXFileReference; lastKnownFileType = sourcecode.c.c; path = PatchSVC.c; sourceTree = "<group>"; };
		BE10717624C9A9A1009C3CEF /* IPAPatch-DummyApp.entitlements */ = {isa = PBXFileReference; lastKnownFileType = text.plist.entitlements; path = "IPAPatch-DummyApp.entitlements"; sourceTree = "<group>"; };
		BE47177724E393E000A77647 /* HookTools.h */ = {isa = PBXFileReference; lastKnownFileType = sourcecode.c.h; path = HookTools.h; sourceTree = "<group>"; };
		BE47177824E393E000A77647 /* HookTools.m */ = {isa = PBXFileReference; lastKnownFileType = sourcecode.c.objc; path = HookTools.m; sourceTree = "<group>"; };
		C63AC1A21E838BB70094B1C5 /* fishhook.c */ = {isa = PBXFileReference; fileEncoding = 4; lastKnownFileType = sourcecode.c.c; path = fishhook.c; sourceTree = "<group>"; };
		C63AC1A31E838BB70094B1C5 /* fishhook.h */ = {isa = PBXFileReference; fileEncoding = 4; lastKnownFileType = sourcecode.c.h; path = fishhook.h; sourceTree = "<group>"; };
		C63AC1A41E838BB70094B1C5 /* LICENSE */ = {isa = PBXFileReference; fileEncoding = 4; lastKnownFileType = text; path = LICENSE; sourceTree = "<group>"; };
		C63AC1A81E8392210094B1C5 /* IPAPatchBypassAntiDebugging.h */ = {isa = PBXFileReference; fileEncoding = 4; lastKnownFileType = sourcecode.c.h; path = IPAPatchBypassAntiDebugging.h; sourceTree = "<group>"; };
		C63AC1A91E8392210094B1C5 /* IPAPatchBypassAntiDebugging.m */ = {isa = PBXFileReference; fileEncoding = 4; lastKnownFileType = sourcecode.c.objc; path = IPAPatchBypassAntiDebugging.m; sourceTree = "<group>"; };
		C64288371E7BF9E900C0BBB0 /* ProjectConfigurationWarning.cpp */ = {isa = PBXFileReference; fileEncoding = 4; lastKnownFileType = sourcecode.cpp.cpp; path = ProjectConfigurationWarning.cpp; sourceTree = "<group>"; };
		C64288381E7BF9E900C0BBB0 /* ProjectConfigurationWarning.hpp */ = {isa = PBXFileReference; fileEncoding = 4; lastKnownFileType = sourcecode.cpp.h; path = ProjectConfigurationWarning.hpp; sourceTree = "<group>"; };
		C6A353E11F51367500A9E30D /* options.plist */ = {isa = PBXFileReference; lastKnownFileType = text.plist.xml; path = options.plist; sourceTree = "<group>"; };
		C6B263071E7BC97B009B4DEA /* IPAPatchFramework.framework */ = {isa = PBXFileReference; explicitFileType = wrapper.framework; includeInIndex = 0; path = IPAPatchFramework.framework; sourceTree = BUILT_PRODUCTS_DIR; };
		C6B2630B1E7BC97B009B4DEA /* Info.plist */ = {isa = PBXFileReference; lastKnownFileType = text.plist.xml; path = Info.plist; sourceTree = "<group>"; };
		C6B263251E7BC9DF009B4DEA /* IPAPatchEntry.h */ = {isa = PBXFileReference; fileEncoding = 4; lastKnownFileType = sourcecode.c.h; path = IPAPatchEntry.h; sourceTree = "<group>"; };
		C6B263261E7BC9DF009B4DEA /* IPAPatchEntry.m */ = {isa = PBXFileReference; fileEncoding = 4; lastKnownFileType = sourcecode.c.objc; path = IPAPatchEntry.m; sourceTree = "<group>"; };
		C6B263491E7BCB31009B4DEA /* IPAPatch-DummyApp.app */ = {isa = PBXFileReference; explicitFileType = wrapper.application; includeInIndex = 0; path = "IPAPatch-DummyApp.app"; sourceTree = BUILT_PRODUCTS_DIR; };
		C6B2634C1E7BCB31009B4DEA /* main.m */ = {isa = PBXFileReference; lastKnownFileType = sourcecode.c.objc; path = main.m; sourceTree = "<group>"; };
		C6B2634E1E7BCB31009B4DEA /* AppDelegate.h */ = {isa = PBXFileReference; lastKnownFileType = sourcecode.c.h; path = AppDelegate.h; sourceTree = "<group>"; };
		C6B2634F1E7BCB31009B4DEA /* AppDelegate.m */ = {isa = PBXFileReference; lastKnownFileType = sourcecode.c.objc; path = AppDelegate.m; sourceTree = "<group>"; };
		C6B2635C1E7BCB31009B4DEA /* Info.plist */ = {isa = PBXFileReference; lastKnownFileType = text.plist.xml; path = Info.plist; sourceTree = "<group>"; };
		C6B263621E7BCD03009B4DEA /* patch.sh */ = {isa = PBXFileReference; lastKnownFileType = text.script.sh; path = patch.sh; sourceTree = "<group>"; };
		C6DDBB621F5146AD00A42BE2 /* create_ipa.sh */ = {isa = PBXFileReference; lastKnownFileType = text.script.sh; path = create_ipa.sh; sourceTree = "<group>"; };
		E8243A0B23ACBF5B0077E34F /* CustomURLProtocol.h */ = {isa = PBXFileReference; lastKnownFileType = sourcecode.c.h; path = CustomURLProtocol.h; sourceTree = "<group>"; };
		E8243A0C23ACBF5B0077E34F /* CustomURLProtocol.m */ = {isa = PBXFileReference; lastKnownFileType = sourcecode.c.objc; path = CustomURLProtocol.m; sourceTree = "<group>"; };
/* End PBXFileReference section */

/* Begin PBXFrameworksBuildPhase section */
		C6B263031E7BC97B009B4DEA /* Frameworks */ = {
			isa = PBXFrameworksBuildPhase;
			buildActionMask = 2147483647;
			files = (
			);
			runOnlyForDeploymentPostprocessing = 0;
		};
		C6B263461E7BCB31009B4DEA /* Frameworks */ = {
			isa = PBXFrameworksBuildPhase;
			buildActionMask = 2147483647;
			files = (
			);
			runOnlyForDeploymentPostprocessing = 0;
		};
/* End PBXFrameworksBuildPhase section */

/* Begin PBXGroup section */
		180570EA2C268052007659DB /* Category */ = {
			isa = PBXGroup;
			children = (
				180570E42C268052007659DB /* NSObject+ZXHandleLoad.h */,
				180570E52C268052007659DB /* NSObject+ZXHandleLoad.m */,
				180570E62C268052007659DB /* NSString+ZXHookRegular.h */,
				180570E72C268052007659DB /* NSString+ZXHookRegular.m */,
				180570E82C268052007659DB /* UIViewController+ZXHandleLoad.h */,
				180570E92C268052007659DB /* UIViewController+ZXHandleLoad.m */,
			);
			path = Category;
			sourceTree = "<group>";
		};
		180570ED2C268052007659DB /* Base64 */ = {
			isa = PBXGroup;
			children = (
				180570EB2C268052007659DB /* Base64.h */,
				180570EC2C268052007659DB /* Base64.m */,
			);
			path = Base64;
			sourceTree = "<group>";
		};
		180570F02C268052007659DB /* CocoaSecurity */ = {
			isa = PBXGroup;
			children = (
				180570ED2C268052007659DB /* Base64 */,
				180570EE2C268052007659DB /* CocoaSecurity.h */,
				180570EF2C268052007659DB /* CocoaSecurity.m */,
			);
			path = CocoaSecurity;
			sourceTree = "<group>";
		};
		180570F32C268052007659DB /* Encryption */ = {
			isa = PBXGroup;
			children = (
				180570F02C268052007659DB /* CocoaSecurity */,
				180570F12C268052007659DB /* ZXEncryption.h */,
				180570F22C268052007659DB /* ZXEncryption.m */,
			);
			path = Encryption;
			sourceTree = "<group>";
		};
		180570F62C268052007659DB /* HttpRequest */ = {
			isa = PBXGroup;
			children = (
				180570F42C268052007659DB /* ZXHttpRequest.h */,
				180570F52C268052007659DB /* ZXHttpRequest.m */,
			);
			path = HttpRequest;
			sourceTree = "<group>";
		};
		180571012C268052007659DB /* BaseClass */ = {
			isa = PBXGroup;
			children = (
				180570F72C268052007659DB /* ANYMethodLog.h */,
				180570F82C268052007659DB /* ANYMethodLog.m */,
				180570F92C268052007659DB /* NSObject+ZXHookClassUtil.h */,
				180570FA2C268052007659DB /* NSObject+ZXHookClassUtil.m */,
				180570FB2C268052007659DB /* ZXHookClass.h */,
				180570FC2C268052007659DB /* ZXHookClass.m */,
				180570FD2C268052007659DB /* ZXHookClassMethod.h */,
				180570FE2C268052007659DB /* ZXHookClassMethod.m */,
				180570FF2C268052007659DB /* ZXHookClassPro.h */,
				180571002C268052007659DB /* ZXHookClassPro.m */,
			);
			path = BaseClass;
			sourceTree = "<group>";
		};
		180571042C268052007659DB /* MethodLog */ = {
			isa = PBXGroup;
			children = (
				180571012C268052007659DB /* BaseClass */,
				180571022C268052007659DB /* ZXMethodLog.h */,
				180571032C268052007659DB /* ZXMethodLog.m */,
			);
			path = MethodLog;
			sourceTree = "<group>";
		};
		1805710D2C268052007659DB /* ZXBlockLog */ = {
			isa = PBXGroup;
			children = (
				180571052C268052007659DB /* CTBlockDescription.h */,
				180571062C268052007659DB /* CTBlockDescription.m */,
				180571072C268052007659DB /* ZXBlockLog.h */,
				180571082C268052007659DB /* ZXBlockLog.m */,
				180571092C268052007659DB /* ZXBlockLogResult.h */,
				1805710A2C268052007659DB /* ZXBlockLogResult.m */,
				1805710B2C268052007659DB /* ZXBlockLogTool.h */,
				1805710C2C268052007659DB /* ZXBlockLogTool.m */,
			);
			path = ZXBlockLog;
			sourceTree = "<group>";
		};
		180571222C268052007659DB /* BaseTool */ = {
			isa = PBXGroup;
			children = (
				1805710E2C268052007659DB /* NSDictionary+ZXSafetySet.h */,
				1805710F2C268052007659DB /* NSDictionary+ZXSafetySet.m */,
				180571102C268052007659DB /* NSMutableArray+ZXSafetySet.h */,
				180571112C268052007659DB /* NSMutableArray+ZXSafetySet.m */,
				180571122C268052007659DB /* NSObject+ZXDataConvertRule.h */,
				180571132C268052007659DB /* NSObject+ZXDataConvertRule.m */,
				180571142C268052007659DB /* NSObject+ZXGetProperty.h */,
				180571152C268052007659DB /* NSObject+ZXGetProperty.m */,
				180571162C268052007659DB /* NSObject+ZXSafetySet.h */,
				180571172C268052007659DB /* NSObject+ZXSafetySet.m */,
				180571182C268052007659DB /* NSString+ZXDataConvert.h */,
				180571192C268052007659DB /* NSString+ZXDataConvert.m */,
				1805711A2C268052007659DB /* NSString+ZXRegular.h */,
				1805711B2C268052007659DB /* NSString+ZXRegular.m */,
				1805711C2C268052007659DB /* ZXClassPrint.h */,
				1805711D2C268052007659DB /* ZXClassPrint.m */,
				1805711E2C268052007659DB /* ZXDataType.h */,
				1805711F2C268052007659DB /* ZXDataType.m */,
				180571202C268052007659DB /* ZXDecimalNumberTool.h */,
				180571212C268052007659DB /* ZXDecimalNumberTool.m */,
			);
			path = BaseTool;
			sourceTree = "<group>";
		};
		180571332C268052007659DB /* ZXDataConvert */ = {
			isa = PBXGroup;
			children = (
				180571222C268052007659DB /* BaseTool */,
				180571232C268052007659DB /* NSArray+ZXDataConvert.h */,
				180571242C268052007659DB /* NSArray+ZXDataConvert.m */,
				180571252C268052007659DB /* NSData+ZXDataConvert.h */,
				180571262C268052007659DB /* NSData+ZXDataConvert.m */,
				180571272C268052007659DB /* NSDictionary+ZXDataConvert.h */,
				180571282C268052007659DB /* NSDictionary+ZXDataConvert.m */,
				180571292C268052007659DB /* NSObject+ZXToDic.h */,
				1805712A2C268052007659DB /* NSObject+ZXToDic.m */,
				1805712B2C268052007659DB /* NSObject+ZXToJson.h */,
				1805712C2C268052007659DB /* NSObject+ZXToJson.m */,
				1805712D2C268052007659DB /* NSObject+ZXToModel.h */,
				1805712E2C268052007659DB /* NSObject+ZXToModel.m */,
				1805712F2C268052007659DB /* ZXDataConvert.h */,
				180571302C268052007659DB /* ZXDataConvert.m */,
				180571312C268052007659DB /* ZXDataConvertConfig.h */,
				180571322C268052007659DB /* ZXDataConvertConfig.m */,
			);
			path = ZXDataConvert;
			sourceTree = "<group>";
		};
		1805713E2C268052007659DB /* ZXDataStore */ = {
			isa = PBXGroup;
			children = (
				180571342C268052007659DB /* NSObject+ZXSQliteHandle.h */,
				180571352C268052007659DB /* NSObject+ZXSQliteHandle.m */,
				180571362C268052007659DB /* SqlResult.h */,
				180571372C268052007659DB /* SqlResult.m */,
				180571382C268052007659DB /* ZXClassArchived.h */,
				180571392C268052007659DB /* ZXClassArchived.m */,
				1805713A2C268052007659DB /* ZXDataStoreCache.h */,
				1805713B2C268052007659DB /* ZXDataStoreCache.m */,
				1805713C2C268052007659DB /* ZXDataStoreSQlite.h */,
				1805713D2C268052007659DB /* ZXDataStoreSQlite.m */,
			);
			path = ZXDataStore;
			sourceTree = "<group>";
		};
		180571432C268052007659DB /* ZXDataHandle */ = {
			isa = PBXGroup;
			children = (
				180571332C268052007659DB /* ZXDataConvert */,
				1805713E2C268052007659DB /* ZXDataStore */,
				1805713F2C268052007659DB /* USAGE.md */,
				180571402C268052007659DB /* ZXDataHandle.h */,
				180571412C268052007659DB /* ZXDataHandleHeaders.h */,
				180571422C268052007659DB /* ZXDataHandleLog.h */,
			);
			path = ZXDataHandle;
			sourceTree = "<group>";
		};
		180571462C268052007659DB /* ZXPoll */ = {
			isa = PBXGroup;
			children = (
				180571442C268052007659DB /* ZXPoll.h */,
				180571452C268052007659DB /* ZXPoll.m */,
			);
			path = ZXPoll;
			sourceTree = "<group>";
		};
		1805714F2C268052007659DB /* ZXRequestBlock */ = {
			isa = PBXGroup;
			children = (
				180571472C268052007659DB /* NSURLSession+ZXHttpProxy.h */,
				180571482C268052007659DB /* NSURLSession+ZXHttpProxy.m */,
				180571492C268052007659DB /* ZXHttpIPGet.h */,
				1805714A2C268052007659DB /* ZXHttpIPGet.m */,
				1805714B2C268052007659DB /* ZXRequestBlock.h */,
				1805714C2C268052007659DB /* ZXRequestBlock.m */,
				1805714D2C268052007659DB /* ZXURLProtocol.h */,
				1805714E2C268052007659DB /* ZXURLProtocol.m */,
			);
			path = ZXRequestBlock;
			sourceTree = "<group>";
		};
		180571502C268052007659DB /* Foundation */ = {
			isa = PBXGroup;
			children = (
				180570F32C268052007659DB /* Encryption */,
				180570F62C268052007659DB /* HttpRequest */,
				180571042C268052007659DB /* MethodLog */,
				1805710D2C268052007659DB /* ZXBlockLog */,
				180571432C268052007659DB /* ZXDataHandle */,
				180571462C268052007659DB /* ZXPoll */,
				1805714F2C268052007659DB /* ZXRequestBlock */,
			);
			path = Foundation;
			sourceTree = "<group>";
		};
		180571532C268052007659DB /* ImagePicker */ = {
			isa = PBXGroup;
			children = (
				180571512C268052007659DB /* ZXImagePicker.h */,
				180571522C268052007659DB /* ZXImagePicker.m */,
			);
			path = ImagePicker;
			sourceTree = "<group>";
		};
		1805715A2C268052007659DB /* ShadowView */ = {
			isa = PBXGroup;
			children = (
				180571542C268052007659DB /* UIView+ZXFrame.h */,
				180571552C268052007659DB /* UIView+ZXFrame.m */,
				180571562C268052007659DB /* ZXShadowView.h */,
				180571572C268052007659DB /* ZXShadowView.m */,
				180571582C268052007659DB /* ZXShowImgView.h */,
				180571592C268052007659DB /* ZXShowImgView.m */,
			);
			path = ShadowView;
			sourceTree = "<group>";
		};
		1805715D2C268052007659DB /* Toast */ = {
			isa = PBXGroup;
			children = (
				1805715B2C268052007659DB /* UIView+Toast.h */,
				1805715C2C268052007659DB /* UIView+Toast.m */,
			);
			path = Toast;
			sourceTree = "<group>";
		};
		180571602C268052007659DB /* UIAlert */ = {
			isa = PBXGroup;
			children = (
				1805715E2C268052007659DB /* UIViewController+ZXAlert.h */,
				1805715F2C268052007659DB /* UIViewController+ZXAlert.m */,
			);
			path = UIAlert;
			sourceTree = "<group>";
		};
		180571652C268052007659DB /* UIButton */ = {
			isa = PBXGroup;
			children = (
				180571612C268052007659DB /* UIButton+ZXAddAction.h */,
				180571622C268052007659DB /* UIButton+ZXAddAction.m */,
				180571632C268052007659DB /* UIButton+ZXHookAction.h */,
				180571642C268052007659DB /* UIButton+ZXHookAction.m */,
			);
			path = UIButton;
			sourceTree = "<group>";
		};
		1805716A2C268052007659DB /* UIGet */ = {
			isa = PBXGroup;
			children = (
				180571662C268052007659DB /* UIView+ZXHookUIGet.h */,
				180571672C268052007659DB /* UIView+ZXHookUIGet.m */,
				180571682C268052007659DB /* ZXHookUIGet.h */,
				180571692C268052007659DB /* ZXHookUIGet.m */,
			);
			path = UIGet;
			sourceTree = "<group>";
		};
		1805716B2C268052007659DB /* UIKit */ = {
			isa = PBXGroup;
			children = (
				180571532C268052007659DB /* ImagePicker */,
				1805715A2C268052007659DB /* ShadowView */,
				1805715D2C268052007659DB /* Toast */,
				180571602C268052007659DB /* UIAlert */,
				180571652C268052007659DB /* UIButton */,
				1805716A2C268052007659DB /* UIGet */,
			);
			path = UIKit;
			sourceTree = "<group>";
		};
		180571702C268052007659DB /* ZXHookUtil */ = {
			isa = PBXGroup;
			children = (
				180570EA2C268052007659DB /* Category */,
				180571502C268052007659DB /* Foundation */,
				1805716B2C268052007659DB /* UIKit */,
				1805716C2C268052007659DB /* ZXCodeFloor.h */,
				1805716D2C268052007659DB /* ZXCodeFloor.m */,
				1805716E2C268052007659DB /* ZXHookUtil.h */,
				1805716F2C268052007659DB /* ZXHookUtil.m */,
			);
			path = ZXHookUtil;
			sourceTree = "<group>";
		};
		187318A0295AC42E002A8EF2 /* Bypass */ = {
			isa = PBXGroup;
			children = (
				C63AC1A81E8392210094B1C5 /* IPAPatchBypassAntiDebugging.h */,
				C63AC1A91E8392210094B1C5 /* IPAPatchBypassAntiDebugging.m */,
				B67811E526394E5B00499C19 /* PatchSVC.h */,
				B67811E626394E5B00499C19 /* PatchSVC.c */,
			);
			path = Bypass;
			sourceTree = "<group>";
		};
		187318A5295AC46D002A8EF2 /* CaptainHook */ = {
			isa = PBXGroup;
			children = (
				187318A6295AC46D002A8EF2 /* UUCaptainHook.h */,
			);
			path = CaptainHook;
			sourceTree = "<group>";
		};
		187318A7295AC46D002A8EF2 /* JRSwizzle */ = {
			isa = PBXGroup;
			children = (
				187318A8295AC46D002A8EF2 /* JRSwizzle.h */,
				187318A9295AC46D002A8EF2 /* JRSwizzle.m */,
			);
			path = JRSwizzle;
			sourceTree = "<group>";
		};
		187318AD295AC4C2002A8EF2 /* Hookes */ = {
			isa = PBXGroup;
			children = (
				188AA236295BF0C5008048D8 /* Screen */,
				187318B0295AC604002A8EF2 /* BundleID */,
				187318AF295AC5EC002A8EF2 /* Permission */,
				187318AE295AC5B0002A8EF2 /* Http */,
			);
			path = Hookes;
			sourceTree = "<group>";
		};
		187318AE295AC5B0002A8EF2 /* Http */ = {
			isa = PBXGroup;
			children = (
				E8243A0B23ACBF5B0077E34F /* CustomURLProtocol.h */,
				E8243A0C23ACBF5B0077E34F /* CustomURLProtocol.m */,
				8444640926E5EACB00E6E659 /* HookURLProtocol.h */,
				8444640A26E5EACB00E6E659 /* HookURLProtocol.m */,
			);
			path = Http;
			sourceTree = "<group>";
		};
		187318AF295AC5EC002A8EF2 /* Permission */ = {
			isa = PBXGroup;
			children = (
				84788D0F26CB96120040100B /* PermissionCheck.h */,
				84788D1026CB96120040100B /* PermissionCheck.m */,
			);
			path = Permission;
			sourceTree = "<group>";
		};
		187318B0295AC604002A8EF2 /* BundleID */ = {
			isa = PBXGroup;
			children = (
				187318B1295AC649002A8EF2 /* BundleReplace.h */,
				187318B2295AC649002A8EF2 /* BundleReplace.m */,
			);
			path = BundleID;
			sourceTree = "<group>";
		};
		188AA236295BF0C5008048D8 /* Screen */ = {
			isa = PBXGroup;
			children = (
				188AA237295BF0E7008048D8 /* UIViewController+Screen.h */,
				188AA238295BF0E7008048D8 /* UIViewController+Screen.m */,
			);
			path = Screen;
			sourceTree = "<group>";
		};
		C63AC1A01E838B8E0094B1C5 /* Vendors */ = {
			isa = PBXGroup;
			children = (
				180571702C268052007659DB /* ZXHookUtil */,
				187318A5295AC46D002A8EF2 /* CaptainHook */,
				187318A7295AC46D002A8EF2 /* JRSwizzle */,
				C63AC1A11E838BB70094B1C5 /* fishhook */,
			);
			path = Vendors;
			sourceTree = "<group>";
		};
		C63AC1A11E838BB70094B1C5 /* fishhook */ = {
			isa = PBXGroup;
			children = (
				C63AC1A31E838BB70094B1C5 /* fishhook.h */,
				C63AC1A21E838BB70094B1C5 /* fishhook.c */,
				C63AC1A41E838BB70094B1C5 /* LICENSE */,
			);
			path = fishhook;
			sourceTree = "<group>";
		};
		C6B262FD1E7BC97B009B4DEA = {
			isa = PBXGroup;
			children = (
				C6B263291E7BCA86009B4DEA /* Tools */,
				C6B263091E7BC97B009B4DEA /* IPAPatch */,
				C6B2634A1E7BCB31009B4DEA /* IPAPatch-DummyApp */,
				C6B263081E7BC97B009B4DEA /* Products */,
				E8BA730A21DC9A2A006C76D3 /* Frameworks */,
			);
			sourceTree = "<group>";
		};
		C6B263081E7BC97B009B4DEA /* Products */ = {
			isa = PBXGroup;
			children = (
				C6B263071E7BC97B009B4DEA /* IPAPatchFramework.framework */,
				C6B263491E7BCB31009B4DEA /* IPAPatch-DummyApp.app */,
			);
			name = Products;
			sourceTree = "<group>";
		};
		C6B263091E7BC97B009B4DEA /* IPAPatch */ = {
			isa = PBXGroup;
			children = (
				C6B2630B1E7BC97B009B4DEA /* Info.plist */,
				C63AC1A01E838B8E0094B1C5 /* Vendors */,
				187318A0295AC42E002A8EF2 /* Bypass */,
				C6B263251E7BC9DF009B4DEA /* IPAPatchEntry.h */,
				C6B263261E7BC9DF009B4DEA /* IPAPatchEntry.m */,
				BE47177724E393E000A77647 /* HookTools.h */,
				BE47177824E393E000A77647 /* HookTools.m */,
				187318AD295AC4C2002A8EF2 /* Hookes */,
			);
			path = IPAPatch;
			sourceTree = "<group>";
		};
		C6B263291E7BCA86009B4DEA /* Tools */ = {
			isa = PBXGroup;
			children = (
				C6B263621E7BCD03009B4DEA /* patch.sh */,
				C6DDBB621F5146AD00A42BE2 /* create_ipa.sh */,
				C6A353E11F51367500A9E30D /* options.plist */,
			);
			path = Tools;
			sourceTree = "<group>";
		};
		C6B2634A1E7BCB31009B4DEA /* IPAPatch-DummyApp */ = {
			isa = PBXGroup;
			children = (
				BE10717624C9A9A1009C3CEF /* IPAPatch-DummyApp.entitlements */,
				C6B2634E1E7BCB31009B4DEA /* AppDelegate.h */,
				C6B2634F1E7BCB31009B4DEA /* AppDelegate.m */,
				C64288381E7BF9E900C0BBB0 /* ProjectConfigurationWarning.hpp */,
				C64288371E7BF9E900C0BBB0 /* ProjectConfigurationWarning.cpp */,
				C6B2635C1E7BCB31009B4DEA /* Info.plist */,
				C6B2634B1E7BCB31009B4DEA /* Supporting Files */,
			);
			path = "IPAPatch-DummyApp";
			sourceTree = "<group>";
		};
		C6B2634B1E7BCB31009B4DEA /* Supporting Files */ = {
			isa = PBXGroup;
			children = (
				C6B2634C1E7BCB31009B4DEA /* main.m */,
			);
			name = "Supporting Files";
			sourceTree = "<group>";
		};
		E8BA730A21DC9A2A006C76D3 /* Frameworks */ = {
			isa = PBXGroup;
			children = (
			);
			name = Frameworks;
			sourceTree = "<group>";
		};
/* End PBXGroup section */

/* Begin PBXHeadersBuildPhase section */
		C6B263041E7BC97B009B4DEA /* Headers */ = {
			isa = PBXHeadersBuildPhase;
			buildActionMask = 2147483647;
			files = (
				187318AA295AC46D002A8EF2 /* UUCaptainHook.h in Headers */,
				8444640B26E5EACB00E6E659 /* HookURLProtocol.h in Headers */,
				E8243A0D23ACBF5B0077E34F /* CustomURLProtocol.h in Headers */,
				B67811E826394F5800499C19 /* PatchSVC.h in Headers */,
				187318AB295AC46D002A8EF2 /* JRSwizzle.h in Headers */,
				180571712C268052007659DB /* NSMutableArray+ZXSafetySet.h in Headers */,
				180571722C268052007659DB /* ZXHookClassMethod.h in Headers */,
				180571732C268052007659DB /* NSDictionary+ZXDataConvert.h in Headers */,
				180571742C268052007659DB /* ZXDataStoreCache.h in Headers */,
				180571752C268052007659DB /* NSObject+ZXToModel.h in Headers */,
				180571762C268052007659DB /* ZXURLProtocol.h in Headers */,
				180571772C268052007659DB /* ZXDataHandleLog.h in Headers */,
				180571782C268052007659DB /* ZXHookUIGet.h in Headers */,
				180571792C268052007659DB /* NSObject+ZXDataConvertRule.h in Headers */,
				1805717A2C268052007659DB /* ZXDecimalNumberTool.h in Headers */,
				1805717B2C268052007659DB /* NSString+ZXDataConvert.h in Headers */,
				1805717C2C268052007659DB /* UIViewController+ZXAlert.h in Headers */,
				1805717D2C268052007659DB /* ZXBlockLogResult.h in Headers */,
				1805717E2C268052007659DB /* ZXPoll.h in Headers */,
				1805717F2C268052007659DB /* UIViewController+ZXHandleLoad.h in Headers */,
				180571802C268052007659DB /* ZXDataHandle.h in Headers */,
				180571812C268052007659DB /* NSURLSession+ZXHttpProxy.h in Headers */,
				180571822C268052007659DB /* CocoaSecurity.h in Headers */,
				180571832C268052007659DB /* UIButton+ZXHookAction.h in Headers */,
				180571842C268052007659DB /* UIView+Toast.h in Headers */,
				180571852C268052007659DB /* ZXHookUtil.h in Headers */,
				180571862C268052007659DB /* NSObject+ZXHandleLoad.h in Headers */,
				180571872C268052007659DB /* ZXClassPrint.h in Headers */,
				180571882C268052007659DB /* ZXClassArchived.h in Headers */,
				180571892C268052007659DB /* NSString+ZXRegular.h in Headers */,
				1805718A2C268052007659DB /* NSObject+ZXGetProperty.h in Headers */,
				1805718B2C268052007659DB /* ZXBlockLog.h in Headers */,
				1805718C2C268052007659DB /* ZXDataType.h in Headers */,
				1805718D2C268052007659DB /* ZXShadowView.h in Headers */,
				1805718E2C268052007659DB /* ZXDataConvert.h in Headers */,
				1805718F2C268052007659DB /* NSDictionary+ZXSafetySet.h in Headers */,
				180571902C268052007659DB /* NSObject+ZXHookClassUtil.h in Headers */,
				180571912C268052007659DB /* ZXCodeFloor.h in Headers */,
				180571922C268052007659DB /* NSObject+ZXSQliteHandle.h in Headers */,
				180571932C268052007659DB /* ZXEncryption.h in Headers */,
				180571942C268052007659DB /* NSArray+ZXDataConvert.h in Headers */,
				180571952C268052007659DB /* ZXMethodLog.h in Headers */,
				180571962C268052007659DB /* NSObject+ZXSafetySet.h in Headers */,
				180571972C268052007659DB /* UIView+ZXFrame.h in Headers */,
				180571982C268052007659DB /* ZXDataConvertConfig.h in Headers */,
				180571992C268052007659DB /* UIView+ZXHookUIGet.h in Headers */,
				1805719A2C268052007659DB /* NSObject+ZXToJson.h in Headers */,
				1805719B2C268052007659DB /* ZXHttpIPGet.h in Headers */,
				1805719C2C268052007659DB /* ZXRequestBlock.h in Headers */,
				1805719D2C268052007659DB /* NSString+ZXHookRegular.h in Headers */,
				1805719E2C268052007659DB /* ANYMethodLog.h in Headers */,
				1805719F2C268052007659DB /* ZXBlockLogTool.h in Headers */,
				180571A02C268052007659DB /* Base64.h in Headers */,
				180571A12C268052007659DB /* NSObject+ZXToDic.h in Headers */,
				180571A22C268052007659DB /* ZXHookClassPro.h in Headers */,
				180571A32C268052007659DB /* ZXHookClass.h in Headers */,
				180571A42C268052007659DB /* ZXHttpRequest.h in Headers */,
				180571A52C268052007659DB /* CTBlockDescription.h in Headers */,
				180571A62C268052007659DB /* ZXDataHandleHeaders.h in Headers */,
				180571A72C268052007659DB /* NSData+ZXDataConvert.h in Headers */,
				180571A82C268052007659DB /* ZXImagePicker.h in Headers */,
				180571A92C268052007659DB /* UIButton+ZXAddAction.h in Headers */,
				180571AA2C268052007659DB /* ZXDataStoreSQlite.h in Headers */,
				180571AB2C268052007659DB /* ZXShowImgView.h in Headers */,
				180571AC2C268052007659DB /* SqlResult.h in Headers */,
				C6B263271E7BC9DF009B4DEA /* IPAPatchEntry.h in Headers */,
				C63AC1A61E838BB70094B1C5 /* fishhook.h in Headers */,
				C63AC1AA1E8392210094B1C5 /* IPAPatchBypassAntiDebugging.h in Headers */,
				84788D1126CB96120040100B /* PermissionCheck.h in Headers */,
				BE47177924E393E000A77647 /* HookTools.h in Headers */,
				188AA239295BF0E7008048D8 /* UIViewController+Screen.h in Headers */,
			);
			runOnlyForDeploymentPostprocessing = 0;
		};
/* End PBXHeadersBuildPhase section */

/* Begin PBXNativeTarget section */
		C6B263061E7BC97B009B4DEA /* IPAPatchFramework */ = {
			isa = PBXNativeTarget;
			buildConfigurationList = C6B2631B1E7BC97B009B4DEA /* Build configuration list for PBXNativeTarget "IPAPatchFramework" */;
			buildPhases = (
				C6B263021E7BC97B009B4DEA /* Sources */,
				C6B263031E7BC97B009B4DEA /* Frameworks */,
				C6B263041E7BC97B009B4DEA /* Headers */,
				C6B263051E7BC97B009B4DEA /* Resources */,
			);
			buildRules = (
			);
			dependencies = (
			);
			name = IPAPatchFramework;
			productName = IPAPatch;
			productReference = C6B263071E7BC97B009B4DEA /* IPAPatchFramework.framework */;
			productType = "com.apple.product-type.framework";
		};
		C6B263481E7BCB31009B4DEA /* IPAPatch-DummyApp */ = {
			isa = PBXNativeTarget;
			buildConfigurationList = C6B2635D1E7BCB31009B4DEA /* Build configuration list for PBXNativeTarget "IPAPatch-DummyApp" */;
			buildPhases = (
				C6B263451E7BCB31009B4DEA /* Sources */,
				C6B263461E7BCB31009B4DEA /* Frameworks */,
				C6B263471E7BCB31009B4DEA /* Resources */,
				C6B263631E7BD0B4009B4DEA /* ShellScript */,
			);
			buildRules = (
			);
			dependencies = (
				C6B263611E7BCC65009B4DEA /* PBXTargetDependency */,
			);
			name = "IPAPatch-DummyApp";
			productName = "IPAPatch-DummyApp";
			productReference = C6B263491E7BCB31009B4DEA /* IPAPatch-DummyApp.app */;
			productType = "com.apple.product-type.application";
		};
/* End PBXNativeTarget section */

/* Begin PBXProject section */
		C6B262FE1E7BC97B009B4DEA /* Project object */ = {
			isa = PBXProject;
			attributes = {
				LastUpgradeCheck = 1420;
				ORGANIZATIONNAME = Weibo;
				TargetAttributes = {
					C6B263061E7BC97B009B4DEA = {
						CreatedOnToolsVersion = 8.3;
						DevelopmentTeam = 56MY3ZN5V7;
						ProvisioningStyle = Automatic;
					};
					C6B263481E7BCB31009B4DEA = {
						CreatedOnToolsVersion = 8.3;
						DevelopmentTeam = 56MY3ZN5V7;
						ProvisioningStyle = Automatic;
					};
					C6DDBB5C1F51468D00A42BE2 = {
						CreatedOnToolsVersion = 9.0;
						DevelopmentTeam = DMJXDB9H6Q;
					};
				};
			};
			buildConfigurationList = C6B263011E7BC97B009B4DEA /* Build configuration list for PBXProject "IPAPatch" */;
			compatibilityVersion = "Xcode 3.2";
			developmentRegion = en;
			hasScannedForEncodings = 0;
			knownRegions = (
				en,
				Base,
			);
			mainGroup = C6B262FD1E7BC97B009B4DEA;
			productRefGroup = C6B263081E7BC97B009B4DEA /* Products */;
			projectDirPath = "";
			projectRoot = "";
			targets = (
				C6B263481E7BCB31009B4DEA /* IPAPatch-DummyApp */,
				C6B263061E7BC97B009B4DEA /* IPAPatchFramework */,
				C6DDBB5C1F51468D00A42BE2 /* IPAPatch */,
			);
		};
/* End PBXProject section */

/* Begin PBXResourcesBuildPhase section */
		C6B263051E7BC97B009B4DEA /* Resources */ = {
			isa = PBXResourcesBuildPhase;
			buildActionMask = 2147483647;
			files = (
				180571AD2C268052007659DB /* USAGE.md in Resources */,
			);
			runOnlyForDeploymentPostprocessing = 0;
		};
		C6B263471E7BCB31009B4DEA /* Resources */ = {
			isa = PBXResourcesBuildPhase;
			buildActionMask = 2147483647;
			files = (
				C6A353E21F51367500A9E30D /* options.plist in Resources */,
			);
			runOnlyForDeploymentPostprocessing = 0;
		};
/* End PBXResourcesBuildPhase section */

/* Begin PBXShellScriptBuildPhase section */
		C6B263631E7BD0B4009B4DEA /* ShellScript */ = {
			isa = PBXShellScriptBuildPhase;
			buildActionMask = 2147483647;
			files = (
			);
			inputPaths = (
			);
			outputPaths = (
			);
			runOnlyForDeploymentPostprocessing = 0;
			shellPath = /bin/sh;
			shellScript = "\"${SRCROOT}/Tools/patch.sh\"\n";
		};
		C6DDBB631F5147BA00A42BE2 /* ShellScript */ = {
			isa = PBXShellScriptBuildPhase;
			buildActionMask = 2147483647;
			files = (
			);
			inputPaths = (
			);
			outputPaths = (
			);
			runOnlyForDeploymentPostprocessing = 0;
			shellPath = /bin/sh;
			shellScript = "\"${SRCROOT}/Tools/create_ipa.sh\"\n";
		};
/* End PBXShellScriptBuildPhase section */

/* Begin PBXSourcesBuildPhase section */
		C6B263021E7BC97B009B4DEA /* Sources */ = {
			isa = PBXSourcesBuildPhase;
			buildActionMask = 2147483647;
			files = (
				C63AC1AB1E8392210094B1C5 /* IPAPatchBypassAntiDebugging.m in Sources */,
				B67811E926394F5A00499C19 /* PatchSVC.c in Sources */,
				180571AE2C268052007659DB /* ZXHttpRequest.m in Sources */,
				180571AF2C268052007659DB /* ZXHookClassPro.m in Sources */,
				180571B02C268052007659DB /* ZXImagePicker.m in Sources */,
				180571B12C268052007659DB /* NSObject+ZXSafetySet.m in Sources */,
				180571B22C268052007659DB /* NSObject+ZXToDic.m in Sources */,
				180571B32C268052007659DB /* ZXBlockLogResult.m in Sources */,
				180571B42C268052007659DB /* ZXHookUtil.m in Sources */,
				180571B52C268052007659DB /* ZXShadowView.m in Sources */,
				180571B62C268052007659DB /* ZXDataType.m in Sources */,
				180571B72C268052007659DB /* UIView+ZXFrame.m in Sources */,
				180571B82C268052007659DB /* ZXHookClass.m in Sources */,
				180571B92C268052007659DB /* NSObject+ZXToModel.m in Sources */,
				180571BA2C268052007659DB /* NSMutableArray+ZXSafetySet.m in Sources */,
				180571BB2C268052007659DB /* ZXDataStoreCache.m in Sources */,
				180571BC2C268052007659DB /* ZXDecimalNumberTool.m in Sources */,
				180571BD2C268052007659DB /* ZXHookUIGet.m in Sources */,
				180571BE2C268052007659DB /* Base64.m in Sources */,
				180571BF2C268052007659DB /* NSObject+ZXGetProperty.m in Sources */,
				180571C02C268052007659DB /* ZXShowImgView.m in Sources */,
				180571C12C268052007659DB /* UIViewController+ZXAlert.m in Sources */,
				180571C22C268052007659DB /* ZXRequestBlock.m in Sources */,
				180571C32C268052007659DB /* ZXCodeFloor.m in Sources */,
				180571C42C268052007659DB /* ZXDataStoreSQlite.m in Sources */,
				180571C52C268052007659DB /* UIButton+ZXAddAction.m in Sources */,
				180571C62C268052007659DB /* ZXDataConvertConfig.m in Sources */,
				180571C72C268052007659DB /* NSObject+ZXSQliteHandle.m in Sources */,
				180571C82C268052007659DB /* ZXHookClassMethod.m in Sources */,
				180571C92C268052007659DB /* ZXHttpIPGet.m in Sources */,
				180571CA2C268052007659DB /* NSDictionary+ZXSafetySet.m in Sources */,
				180571CB2C268052007659DB /* NSURLSession+ZXHttpProxy.m in Sources */,
				180571CC2C268052007659DB /* UIView+ZXHookUIGet.m in Sources */,
				180571CD2C268052007659DB /* NSArray+ZXDataConvert.m in Sources */,
				180571CE2C268052007659DB /* NSString+ZXHookRegular.m in Sources */,
				180571CF2C268052007659DB /* ZXBlockLog.m in Sources */,
				180571D02C268052007659DB /* UIButton+ZXHookAction.m in Sources */,
				180571D12C268052007659DB /* NSObject+ZXHandleLoad.m in Sources */,
				180571D22C268052007659DB /* SqlResult.m in Sources */,
				180571D32C268052007659DB /* NSObject+ZXDataConvertRule.m in Sources */,
				180571D42C268052007659DB /* NSObject+ZXToJson.m in Sources */,
				180571D52C268052007659DB /* NSObject+ZXHookClassUtil.m in Sources */,
				180571D62C268052007659DB /* NSString+ZXRegular.m in Sources */,
				180571D72C268052007659DB /* NSDictionary+ZXDataConvert.m in Sources */,
				180571D82C268052007659DB /* CocoaSecurity.m in Sources */,
				180571D92C268052007659DB /* ANYMethodLog.m in Sources */,
				180571DA2C268052007659DB /* UIViewController+ZXHandleLoad.m in Sources */,
				180571DB2C268052007659DB /* ZXClassPrint.m in Sources */,
				180571DC2C268052007659DB /* NSString+ZXDataConvert.m in Sources */,
				180571DD2C268052007659DB /* ZXDataConvert.m in Sources */,
				180571DE2C268052007659DB /* ZXBlockLogTool.m in Sources */,
				180571DF2C268052007659DB /* ZXMethodLog.m in Sources */,
				180571E02C268052007659DB /* ZXClassArchived.m in Sources */,
				180571E12C268052007659DB /* ZXURLProtocol.m in Sources */,
				180571E22C268052007659DB /* CTBlockDescription.m in Sources */,
				180571E32C268052007659DB /* ZXEncryption.m in Sources */,
				180571E42C268052007659DB /* UIView+Toast.m in Sources */,
				180571E52C268052007659DB /* ZXPoll.m in Sources */,
				180571E62C268052007659DB /* NSData+ZXDataConvert.m in Sources */,
				C6B263281E7BC9DF009B4DEA /* IPAPatchEntry.m in Sources */,
				8444640C26E5EACB00E6E659 /* HookURLProtocol.m in Sources */,
				187318B8295ACD11002A8EF2 /* BundleReplace.m in Sources */,
				187318AC295AC46D002A8EF2 /* JRSwizzle.m in Sources */,
				84788D1226CB96120040100B /* PermissionCheck.m in Sources */,
				E8243A0F23ACBF5B0077E34F /* CustomURLProtocol.m in Sources */,
				BE47177A24E393E000A77647 /* HookTools.m in Sources */,
				C63AC1A51E838BB70094B1C5 /* fishhook.c in Sources */,
				188AA23A295BF0E7008048D8 /* UIViewController+Screen.m in Sources */,
			);
			runOnlyForDeploymentPostprocessing = 0;
		};
		C6B263451E7BCB31009B4DEA /* Sources */ = {
			isa = PBXSourcesBuildPhase;
			buildActionMask = 2147483647;
			files = (
				C64288391E7BF9E900C0BBB0 /* ProjectConfigurationWarning.cpp in Sources */,
				C6B263501E7BCB31009B4DEA /* AppDelegate.m in Sources */,
				C6B2634D1E7BCB31009B4DEA /* main.m in Sources */,
			);
			runOnlyForDeploymentPostprocessing = 0;
		};
/* End PBXSourcesBuildPhase section */

/* Begin PBXTargetDependency section */
		C6B263611E7BCC65009B4DEA /* PBXTargetDependency */ = {
			isa = PBXTargetDependency;
			target = C6B263061E7BC97B009B4DEA /* IPAPatchFramework */;
			targetProxy = C6B263601E7BCC65009B4DEA /* PBXContainerItemProxy */;
		};
		C6DDBB611F51469300A42BE2 /* PBXTargetDependency */ = {
			isa = PBXTargetDependency;
			target = C6B263481E7BCB31009B4DEA /* IPAPatch-DummyApp */;
			targetProxy = C6DDBB601F51469300A42BE2 /* PBXContainerItemProxy */;
		};
/* End PBXTargetDependency section */

/* Begin XCBuildConfiguration section */
		C6B263191E7BC97B009B4DEA /* Debug */ = {
			isa = XCBuildConfiguration;
			buildSettings = {
				ALWAYS_SEARCH_USER_PATHS = NO;
				CLANG_ANALYZER_LOCALIZABILITY_NONLOCALIZED = YES;
				CLANG_ANALYZER_NONNULL = YES;
				CLANG_ANALYZER_NUMBER_OBJECT_CONVERSION = YES_AGGRESSIVE;
				CLANG_CXX_LANGUAGE_STANDARD = "gnu++0x";
				CLANG_CXX_LIBRARY = "libc++";
				CLANG_ENABLE_MODULES = YES;
				CLANG_ENABLE_OBJC_ARC = YES;
				CLANG_WARN_BLOCK_CAPTURE_AUTORELEASING = YES;
				CLANG_WARN_BOOL_CONVERSION = YES;
				CLANG_WARN_COMMA = YES;
				CLANG_WARN_CONSTANT_CONVERSION = YES;
				CLANG_WARN_DEPRECATED_OBJC_IMPLEMENTATIONS = YES;
				CLANG_WARN_DIRECT_OBJC_ISA_USAGE = YES_ERROR;
				CLANG_WARN_DOCUMENTATION_COMMENTS = YES;
				CLANG_WARN_EMPTY_BODY = YES;
				CLANG_WARN_ENUM_CONVERSION = YES;
				CLANG_WARN_INFINITE_RECURSION = YES;
				CLANG_WARN_INT_CONVERSION = YES;
				CLANG_WARN_NON_LITERAL_NULL_CONVERSION = YES;
				CLANG_WARN_OBJC_IMPLICIT_RETAIN_SELF = YES;
				CLANG_WARN_OBJC_LITERAL_CONVERSION = YES;
				CLANG_WARN_OBJC_ROOT_CLASS = YES_ERROR;
				CLANG_WARN_QUOTED_INCLUDE_IN_FRAMEWORK_HEADER = YES;
				CLANG_WARN_RANGE_LOOP_ANALYSIS = YES;
				CLANG_WARN_STRICT_PROTOTYPES = YES;
				CLANG_WARN_SUSPICIOUS_MOVE = YES;
				CLANG_WARN_UNREACHABLE_CODE = YES;
				CLANG_WARN__DUPLICATE_METHOD_MATCH = YES;
				"CODE_SIGN_IDENTITY[sdk=iphoneos*]" = "iPhone Developer";
				COPY_PHASE_STRIP = NO;
				CURRENT_PROJECT_VERSION = 1;
				DEBUG_INFORMATION_FORMAT = dwarf;
				ENABLE_STRICT_OBJC_MSGSEND = YES;
				ENABLE_TESTABILITY = YES;
				GCC_C_LANGUAGE_STANDARD = gnu99;
				GCC_DYNAMIC_NO_PIC = NO;
				GCC_NO_COMMON_BLOCKS = YES;
				GCC_OPTIMIZATION_LEVEL = 0;
				GCC_PREPROCESSOR_DEFINITIONS = (
					"DEBUG=1",
					"$(inherited)",
				);
				GCC_WARN_64_TO_32_BIT_CONVERSION = YES;
				GCC_WARN_ABOUT_RETURN_TYPE = YES_ERROR;
				GCC_WARN_UNDECLARED_SELECTOR = YES;
				GCC_WARN_UNINITIALIZED_AUTOS = YES_AGGRESSIVE;
				GCC_WARN_UNUSED_FUNCTION = YES;
				GCC_WARN_UNUSED_VARIABLE = YES;
				IPHONEOS_DEPLOYMENT_TARGET = 12.0;
				MTL_ENABLE_DEBUG_INFO = YES;
				ONLY_ACTIVE_ARCH = YES;
				SDKROOT = iphoneos;
				TARGETED_DEVICE_FAMILY = "1,2";
				VERSIONING_SYSTEM = "apple-generic";
				VERSION_INFO_PREFIX = "";
			};
			name = Debug;
		};
		C6B2631A1E7BC97B009B4DEA /* Release */ = {
			isa = XCBuildConfiguration;
			buildSettings = {
				ALWAYS_SEARCH_USER_PATHS = NO;
				CLANG_ANALYZER_LOCALIZABILITY_NONLOCALIZED = YES;
				CLANG_ANALYZER_NONNULL = YES;
				CLANG_ANALYZER_NUMBER_OBJECT_CONVERSION = YES_AGGRESSIVE;
				CLANG_CXX_LANGUAGE_STANDARD = "gnu++0x";
				CLANG_CXX_LIBRARY = "libc++";
				CLANG_ENABLE_MODULES = YES;
				CLANG_ENABLE_OBJC_ARC = YES;
				CLANG_WARN_BLOCK_CAPTURE_AUTORELEASING = YES;
				CLANG_WARN_BOOL_CONVERSION = YES;
				CLANG_WARN_COMMA = YES;
				CLANG_WARN_CONSTANT_CONVERSION = YES;
				CLANG_WARN_DEPRECATED_OBJC_IMPLEMENTATIONS = YES;
				CLANG_WARN_DIRECT_OBJC_ISA_USAGE = YES_ERROR;
				CLANG_WARN_DOCUMENTATION_COMMENTS = YES;
				CLANG_WARN_EMPTY_BODY = YES;
				CLANG_WARN_ENUM_CONVERSION = YES;
				CLANG_WARN_INFINITE_RECURSION = YES;
				CLANG_WARN_INT_CONVERSION = YES;
				CLANG_WARN_NON_LITERAL_NULL_CONVERSION = YES;
				CLANG_WARN_OBJC_IMPLICIT_RETAIN_SELF = YES;
				CLANG_WARN_OBJC_LITERAL_CONVERSION = YES;
				CLANG_WARN_OBJC_ROOT_CLASS = YES_ERROR;
				CLANG_WARN_QUOTED_INCLUDE_IN_FRAMEWORK_HEADER = YES;
				CLANG_WARN_RANGE_LOOP_ANALYSIS = YES;
				CLANG_WARN_STRICT_PROTOTYPES = YES;
				CLANG_WARN_SUSPICIOUS_MOVE = YES;
				CLANG_WARN_UNREACHABLE_CODE = YES;
				CLANG_WARN__DUPLICATE_METHOD_MATCH = YES;
				"CODE_SIGN_IDENTITY[sdk=iphoneos*]" = "iPhone Developer";
				COPY_PHASE_STRIP = NO;
				CURRENT_PROJECT_VERSION = 1;
				DEBUG_INFORMATION_FORMAT = "dwarf-with-dsym";
				ENABLE_NS_ASSERTIONS = NO;
				ENABLE_STRICT_OBJC_MSGSEND = YES;
				GCC_C_LANGUAGE_STANDARD = gnu99;
				GCC_NO_COMMON_BLOCKS = YES;
				GCC_WARN_64_TO_32_BIT_CONVERSION = YES;
				GCC_WARN_ABOUT_RETURN_TYPE = YES_ERROR;
				GCC_WARN_UNDECLARED_SELECTOR = YES;
				GCC_WARN_UNINITIALIZED_AUTOS = YES_AGGRESSIVE;
				GCC_WARN_UNUSED_FUNCTION = YES;
				GCC_WARN_UNUSED_VARIABLE = YES;
				IPHONEOS_DEPLOYMENT_TARGET = 12.0;
				MTL_ENABLE_DEBUG_INFO = NO;
				SDKROOT = iphoneos;
				TARGETED_DEVICE_FAMILY = "1,2";
				VALIDATE_PRODUCT = YES;
				VERSIONING_SYSTEM = "apple-generic";
				VERSION_INFO_PREFIX = "";
			};
			name = Release;
		};
		C6B2631C1E7BC97B009B4DEA /* Debug */ = {
			isa = XCBuildConfiguration;
			buildSettings = {
				CODE_SIGN_IDENTITY = "";
				"CODE_SIGN_IDENTITY[sdk=macosx*]" = "-";
				DEFINES_MODULE = NO;
				DEVELOPMENT_TEAM = 56MY3ZN5V7;
				DYLIB_COMPATIBILITY_VERSION = 1;
				DYLIB_CURRENT_VERSION = 1;
				DYLIB_INSTALL_NAME_BASE = "@rpath";
				ENABLE_BITCODE = NO;
				FRAMEWORK_SEARCH_PATHS = (
					"$(inherited)",
					"$(PROJECT_DIR)/Assets/Frameworks",
				);
				INFOPLIST_FILE = IPAPatch/Info.plist;
				INSTALL_PATH = "$(LOCAL_LIBRARY_DIR)/Frameworks";
				IPHONEOS_DEPLOYMENT_TARGET = 12.0;
				LD_RUNPATH_SEARCH_PATHS = "$(inherited) @executable_path/Frameworks @loader_path/Frameworks";
				LIBRARY_SEARCH_PATHS = (
					"$(inherited)",
					"$(PROJECT_DIR)/Assets/Dylibs",
				);
				ONLY_ACTIVE_ARCH = NO;
				PRODUCT_BUNDLE_IDENTIFIER = "com.uusafe.IPAPatch-DummyApp.framework";
				PRODUCT_NAME = "$(TARGET_NAME)";
				SKIP_INSTALL = YES;
				SUPPORTS_MACCATALYST = NO;
				TARGETED_DEVICE_FAMILY = "1,2";
			};
			name = Debug;
		};
		C6B2631D1E7BC97B009B4DEA /* Release */ = {
			isa = XCBuildConfiguration;
			buildSettings = {
				CODE_SIGN_IDENTITY = "";
				"CODE_SIGN_IDENTITY[sdk=macosx*]" = "-";
				DEFINES_MODULE = NO;
				DEVELOPMENT_TEAM = 56MY3ZN5V7;
				DYLIB_COMPATIBILITY_VERSION = 1;
				DYLIB_CURRENT_VERSION = 1;
				DYLIB_INSTALL_NAME_BASE = "@rpath";
				ENABLE_BITCODE = NO;
				FRAMEWORK_SEARCH_PATHS = (
					"$(inherited)",
					"$(PROJECT_DIR)/Assets/Frameworks",
				);
				INFOPLIST_FILE = IPAPatch/Info.plist;
				INSTALL_PATH = "$(LOCAL_LIBRARY_DIR)/Frameworks";
				IPHONEOS_DEPLOYMENT_TARGET = 12.0;
				LD_RUNPATH_SEARCH_PATHS = "$(inherited) @executable_path/Frameworks @loader_path/Frameworks";
				LIBRARY_SEARCH_PATHS = (
					"$(inherited)",
					"$(PROJECT_DIR)/Assets/Dylibs",
				);
				PRODUCT_BUNDLE_IDENTIFIER = "com.uusafe.IPAPatch-DummyApp.framework";
				PRODUCT_NAME = "$(TARGET_NAME)";
				SKIP_INSTALL = YES;
				SUPPORTS_MACCATALYST = NO;
				TARGETED_DEVICE_FAMILY = "1,2";
			};
			name = Release;
		};
		C6B2635E1E7BCB31009B4DEA /* Debug */ = {
			isa = XCBuildConfiguration;
			buildSettings = {
				CLANG_CXX_LANGUAGE_STANDARD = "c++14";
				CODE_SIGN_ENTITLEMENTS = "IPAPatch-DummyApp/IPAPatch-DummyApp.entitlements";
				"CODE_SIGN_IDENTITY[sdk=iphoneos*]" = "iPhone Developer";
				CODE_SIGN_STYLE = Automatic;
				DEVELOPMENT_TEAM = 56MY3ZN5V7;
				ENABLE_BITCODE = NO;
				FRAMEWORK_SEARCH_PATHS = (
					"$(inherited)",
					"$(PROJECT_DIR)/Assets/Frameworks",
				);
				GCC_PREPROCESSOR_DEFINITIONS = (
					"DEBUG=1",
					"$(inherited)",
					"TARGET_BUNDLE_ID=$(PRODUCT_BUNDLE_IDENTIFIER)",
				);
				INFOPLIST_FILE = "IPAPatch-DummyApp/Info.plist";
				IPHONEOS_DEPLOYMENT_TARGET = 12.0;
				LD_RUNPATH_SEARCH_PATHS = "$(inherited) @executable_path/Frameworks";
				LIBRARY_SEARCH_PATHS = (
					"$(inherited)",
					"$(PROJECT_DIR)/Assets/Dylibs",
				);
				PRODUCT_BUNDLE_IDENTIFIER = "com.uusafe.IPAPatch-DummyApp";
				PRODUCT_NAME = "$(TARGET_NAME)";
				PROVISIONING_PROFILE = "";
				PROVISIONING_PROFILE_SPECIFIER = "";
				SDKROOT = iphoneos;
				VALID_ARCHS = "arm64 armv7s armv7";
			};
			name = Debug;
		};
		C6B2635F1E7BCB31009B4DEA /* Release */ = {
			isa = XCBuildConfiguration;
			buildSettings = {
				CLANG_CXX_LANGUAGE_STANDARD = "c++14";
				CODE_SIGN_ENTITLEMENTS = "IPAPatch-DummyApp/IPAPatch-DummyApp.entitlements";
				"CODE_SIGN_IDENTITY[sdk=iphoneos*]" = "iPhone Developer";
				CODE_SIGN_STYLE = Automatic;
				DEVELOPMENT_TEAM = 56MY3ZN5V7;
				ENABLE_BITCODE = NO;
				FRAMEWORK_SEARCH_PATHS = (
					"$(inherited)",
					"$(PROJECT_DIR)/Assets/Frameworks",
				);
				GCC_PREPROCESSOR_DEFINITIONS = "TARGET_BUNDLE_ID=$(PRODUCT_BUNDLE_IDENTIFIER)";
				INFOPLIST_FILE = "IPAPatch-DummyApp/Info.plist";
				IPHONEOS_DEPLOYMENT_TARGET = 12.0;
				LD_RUNPATH_SEARCH_PATHS = "$(inherited) @executable_path/Frameworks";
				LIBRARY_SEARCH_PATHS = (
					"$(inherited)",
					"$(PROJECT_DIR)/Assets/Dylibs",
				);
				PRODUCT_BUNDLE_IDENTIFIER = "com.uusafe.IPAPatch-DummyApp";
				PRODUCT_NAME = "$(TARGET_NAME)";
				PROVISIONING_PROFILE = "";
				PROVISIONING_PROFILE_SPECIFIER = "";
				SDKROOT = iphoneos;
				VALID_ARCHS = "arm64 armv7s armv7";
			};
			name = Release;
		};
		C6DDBB5E1F51468D00A42BE2 /* Debug */ = {
			isa = XCBuildConfiguration;
			buildSettings = {
				DEVELOPMENT_TEAM = DMJXDB9H6Q;
				PRODUCT_NAME = "$(TARGET_NAME)";
			};
			name = Debug;
		};
		C6DDBB5F1F51468D00A42BE2 /* Release */ = {
			isa = XCBuildConfiguration;
			buildSettings = {
				DEVELOPMENT_TEAM = DMJXDB9H6Q;
				PRODUCT_NAME = "$(TARGET_NAME)";
			};
			name = Release;
		};
/* End XCBuildConfiguration section */

/* Begin XCConfigurationList section */
		C6B263011E7BC97B009B4DEA /* Build configuration list for PBXProject "IPAPatch" */ = {
			isa = XCConfigurationList;
			buildConfigurations = (
				C6B263191E7BC97B009B4DEA /* Debug */,
				C6B2631A1E7BC97B009B4DEA /* Release */,
			);
			defaultConfigurationIsVisible = 0;
			defaultConfigurationName = Release;
		};
		C6B2631B1E7BC97B009B4DEA /* Build configuration list for PBXNativeTarget "IPAPatchFramework" */ = {
			isa = XCConfigurationList;
			buildConfigurations = (
				C6B2631C1E7BC97B009B4DEA /* Debug */,
				C6B2631D1E7BC97B009B4DEA /* Release */,
			);
			defaultConfigurationIsVisible = 0;
			defaultConfigurationName = Release;
		};
		C6B2635D1E7BCB31009B4DEA /* Build configuration list for PBXNativeTarget "IPAPatch-DummyApp" */ = {
			isa = XCConfigurationList;
			buildConfigurations = (
				C6B2635E1E7BCB31009B4DEA /* Debug */,
				C6B2635F1E7BCB31009B4DEA /* Release */,
			);
			defaultConfigurationIsVisible = 0;
			defaultConfigurationName = Release;
		};
		C6DDBB5D1F51468D00A42BE2 /* Build configuration list for PBXAggregateTarget "IPAPatch" */ = {
			isa = XCConfigurationList;
			buildConfigurations = (
				C6DDBB5E1F51468D00A42BE2 /* Debug */,
				C6DDBB5F1F51468D00A42BE2 /* Release */,
			);
			defaultConfigurationIsVisible = 0;
			defaultConfigurationName = Release;
		};
/* End XCConfigurationList section */
	};
	rootObject = C6B262FE1E7BC97B009B4DEA /* Project object */;
}
